// !$*UTF8*$!
{
	archiveVersion = 1;
	classes = {
	};
	objectVersion = 46;
	objects = {

/* Begin PBXBuildFile section */
		04F81A3F0AC3825E1DD99A9B /* Pods_LinqTests.framework in Frameworks */ = {isa = PBXBuildFile; fileRef = 947853379B7843EC362EDEAD /* Pods_LinqTests.framework */; };
		1717C81F1F066EA100569455 /* CommentObj.swift in Sources */ = {isa = PBXBuildFile; fileRef = 1717C81E1F066EA100569455 /* CommentObj.swift */; };
		176A44211EFBCA0600CCF887 /* ChatLogController.swift in Sources */ = {isa = PBXBuildFile; fileRef = 176A44201EFBCA0600CCF887 /* ChatLogController.swift */; };
		176A44231EFBCCFF00CCF887 /* ChatMessageCell.swift in Sources */ = {isa = PBXBuildFile; fileRef = 176A44221EFBCCFF00CCF887 /* ChatMessageCell.swift */; };
		178741981EF1453700FB1B01 /* Globals.swift in Sources */ = {isa = PBXBuildFile; fileRef = 178741971EF1453700FB1B01 /* Globals.swift */; };
		178741A61EF17DAB00FB1B01 /* Message.swift in Sources */ = {isa = PBXBuildFile; fileRef = 178741A51EF17DAB00FB1B01 /* Message.swift */; };
		5BE19B0A1FF5F8FA009DA206 /* ScanQRViewController.swift in Sources */ = {isa = PBXBuildFile; fileRef = 5BE19B091FF5F8FA009DA206 /* ScanQRViewController.swift */; };
		7E43BB5217089F9C4EEE2E8C /* Pods_Linq.framework in Frameworks */ = {isa = PBXBuildFile; fileRef = E21E4CEDE691B9F6B277FD50 /* Pods_Linq.framework */; };
		884FDEC32C3676CE14F292D6 /* Pods_LinqUITests.framework in Frameworks */ = {isa = PBXBuildFile; fileRef = 6772CE4CE681BF3EBE99DB78 /* Pods_LinqUITests.framework */; };
		BA0B116F1F77FEDE0009B77D /* iosTone.caf in Resources */ = {isa = PBXBuildFile; fileRef = BA0B116E1F77FEDE0009B77D /* iosTone.caf */; };
		BA4B97B21F3B5EB80013868F /* SearchViewController.swift in Sources */ = {isa = PBXBuildFile; fileRef = BA4B97B11F3B5EB80013868F /* SearchViewController.swift */; };
		BAE771AB1F4EF01400BFE796 /* FriendRequest.swift in Sources */ = {isa = PBXBuildFile; fileRef = BAE771AA1F4EF01400BFE796 /* FriendRequest.swift */; };
		BAE9613D1F37A47F00B5282E /* CoreLocation.framework in Frameworks */ = {isa = PBXBuildFile; fileRef = BAE9613C1F37A47F00B5282E /* CoreLocation.framework */; };
		BAE9613F1F37A48500B5282E /* MapKit.framework in Frameworks */ = {isa = PBXBuildFile; fileRef = BAE9613E1F37A48500B5282E /* MapKit.framework */; };
		BAE961411F37A48B00B5282E /* QuartzCore.framework in Frameworks */ = {isa = PBXBuildFile; fileRef = BAE961401F37A48B00B5282E /* QuartzCore.framework */; };
		D10420951EDBAFDF00008458 /* Description.swift in Sources */ = {isa = PBXBuildFile; fileRef = D10420941EDBAFDF00008458 /* Description.swift */; };
		D10420971EDBB2FA00008458 /* Desc.swift in Sources */ = {isa = PBXBuildFile; fileRef = D10420961EDBB2FA00008458 /* Desc.swift */; };
		D111B0BB1F26A7340097D821 /* FriendRequestTable.swift in Sources */ = {isa = PBXBuildFile; fileRef = D111B0BA1F26A7330097D821 /* FriendRequestTable.swift */; };
		D114F19F1EF728AA00DE6AD2 /* UpdatePassword.swift in Sources */ = {isa = PBXBuildFile; fileRef = D114F19E1EF728AA00DE6AD2 /* UpdatePassword.swift */; };
		D1177BDD1EE45B5F005C5B85 /* ArchiveTable.swift in Sources */ = {isa = PBXBuildFile; fileRef = D1177BDC1EE45B5F005C5B85 /* ArchiveTable.swift */; };
		D1177BDF1EE45B7B005C5B85 /* ArchiveCell.swift in Sources */ = {isa = PBXBuildFile; fileRef = D1177BDE1EE45B7B005C5B85 /* ArchiveCell.swift */; };
		D1177BE31EE46FB2005C5B85 /* Request.swift in Sources */ = {isa = PBXBuildFile; fileRef = D1177BE21EE46FB2005C5B85 /* Request.swift */; };
		D1177BE51EE4B429005C5B85 /* ArchiveDescription.swift in Sources */ = {isa = PBXBuildFile; fileRef = D1177BE41EE4B429005C5B85 /* ArchiveDescription.swift */; };
		D1177BE71EE5F24F005C5B85 /* ForgotPassword.swift in Sources */ = {isa = PBXBuildFile; fileRef = D1177BE61EE5F24F005C5B85 /* ForgotPassword.swift */; };
		D11AFBD11EEDBE5F002CF979 /* GoogleService-Info.plist in Resources */ = {isa = PBXBuildFile; fileRef = D11AFBD01EEDBE5F002CF979 /* GoogleService-Info.plist */; };
		D12F4AFA1EFA1DE100581BBC /* FollowingTable.swift in Sources */ = {isa = PBXBuildFile; fileRef = D12F4AF91EFA1DE100581BBC /* FollowingTable.swift */; };
		D12F4AFD1EFA1EAB00581BBC /* FollowersTable.swift in Sources */ = {isa = PBXBuildFile; fileRef = D12F4AFC1EFA1EAB00581BBC /* FollowersTable.swift */; };
		D130D0601F098A210085ED9A /* MyJuggTable.swift in Sources */ = {isa = PBXBuildFile; fileRef = D130D05F1F098A210085ED9A /* MyJuggTable.swift */; };
		D130D0631F098C920085ED9A /* MyJuggCell.swift in Sources */ = {isa = PBXBuildFile; fileRef = D130D0621F098C920085ED9A /* MyJuggCell.swift */; };
		D13696B51EFA116A004D87FF /* Relations.swift in Sources */ = {isa = PBXBuildFile; fileRef = D13696B41EFA1168004D87FF /* Relations.swift */; };
		D1371FFB1F06DB3900C9E298 /* OtherUserPageView.swift in Sources */ = {isa = PBXBuildFile; fileRef = D1371FFA1F06DB3900C9E298 /* OtherUserPageView.swift */; };
		D1371FFD1F06DC4E00C9E298 /* OtherUserBio.swift in Sources */ = {isa = PBXBuildFile; fileRef = D1371FFC1F06DC4E00C9E298 /* OtherUserBio.swift */; };
		D1371FFF1F06DF4F00C9E298 /* OtherUserJuggTable.swift in Sources */ = {isa = PBXBuildFile; fileRef = D1371FFE1F06DF4F00C9E298 /* OtherUserJuggTable.swift */; };
		D13720011F06DFB000C9E298 /* OtherUserJuggCell.swift in Sources */ = {isa = PBXBuildFile; fileRef = D13720001F06DFB000C9E298 /* OtherUserJuggCell.swift */; };
		D137599E1FF45AC700C762BD /* DiscoverTable.swift in Sources */ = {isa = PBXBuildFile; fileRef = D137599D1FF45AC500C762BD /* DiscoverTable.swift */; };
		D13759A01FF45B0B00C762BD /* MyBio.swift in Sources */ = {isa = PBXBuildFile; fileRef = D137599F1FF45B0B00C762BD /* MyBio.swift */; };
		D1444CB91EE2E902004D6D11 /* OtherUser.swift in Sources */ = {isa = PBXBuildFile; fileRef = D1444CB81EE2E902004D6D11 /* OtherUser.swift */; };
		D1494D6B1F1C1344004A5F0E /* NewMessage.swift in Sources */ = {isa = PBXBuildFile; fileRef = D1494D6A1F1C1343004A5F0E /* NewMessage.swift */; };
		D1494D6D1F1C1E94004A5F0E /* NewMessageCell.swift in Sources */ = {isa = PBXBuildFile; fileRef = D1494D6C1F1C1E94004A5F0E /* NewMessageCell.swift */; };
		D14A2D4A1F451E3B00ACA81C /* InstagramLoginVC.swift in Sources */ = {isa = PBXBuildFile; fileRef = D14A2D491F451E3A00ACA81C /* InstagramLoginVC.swift */; };
		D153B27F1EDC493400C106DA /* NotificationBox.swift in Sources */ = {isa = PBXBuildFile; fileRef = D153B27E1EDC493400C106DA /* NotificationBox.swift */; };
		D153B2831EDC50F200C106DA /* MessagesTable.swift in Sources */ = {isa = PBXBuildFile; fileRef = D153B2821EDC50F200C106DA /* MessagesTable.swift */; };
		D153B2851EDC514E00C106DA /* MessageCell.swift in Sources */ = {isa = PBXBuildFile; fileRef = D153B2841EDC514E00C106DA /* MessageCell.swift */; };
		D153B28A1EDCE29200C106DA /* Map.swift in Sources */ = {isa = PBXBuildFile; fileRef = D153B2891EDCE29200C106DA /* Map.swift */; };
		D153B28C1EDCEEFE00C106DA /* LocationSearchTable.swift in Sources */ = {isa = PBXBuildFile; fileRef = D153B28B1EDCEEFE00C106DA /* LocationSearchTable.swift */; };
		D155D89E1EE1F3110040C153 /* ProfileImage.swift in Sources */ = {isa = PBXBuildFile; fileRef = D155D89D1EE1F3110040C153 /* ProfileImage.swift */; };
		D155D8A01EE2003B0040C153 /* UpdateName.swift in Sources */ = {isa = PBXBuildFile; fileRef = D155D89F1EE2003B0040C153 /* UpdateName.swift */; };
		D15733B11F0933E300617503 /* MyPageView.swift in Sources */ = {isa = PBXBuildFile; fileRef = D15733B01F0933E300617503 /* MyPageView.swift */; };
		D16B9C3B1F69F44D002B9A3E /* WalkThrough.swift in Sources */ = {isa = PBXBuildFile; fileRef = D16B9C3A1F69F44D002B9A3E /* WalkThrough.swift */; };
		D16B9C3D1F69FDB3002B9A3E /* PageViewController.swift in Sources */ = {isa = PBXBuildFile; fileRef = D16B9C3C1F69FDB3002B9A3E /* PageViewController.swift */; };
		D178D8B11F5D0CCA0030D6F8 /* searchJuggers.swift in Sources */ = {isa = PBXBuildFile; fileRef = D178D8B01F5D0CCA0030D6F8 /* searchJuggers.swift */; };
		D17A334D1FDCBAF800096600 /* SelectLanguageController.swift in Sources */ = {isa = PBXBuildFile; fileRef = D17A334C1FDCBAF800096600 /* SelectLanguageController.swift */; };
		D17A33501FDCCCEA00096600 /* Localizable.strings in Resources */ = {isa = PBXBuildFile; fileRef = D17A33521FDCCCEA00096600 /* Localizable.strings */; };
		D187EDE41EF737810090E8D7 /* UpdateBio.swift in Sources */ = {isa = PBXBuildFile; fileRef = D187EDE31EF737810090E8D7 /* UpdateBio.swift */; };
		D187EDE61EF73CBE0090E8D7 /* UpdateWebsite.swift in Sources */ = {isa = PBXBuildFile; fileRef = D187EDE51EF73CBD0090E8D7 /* UpdateWebsite.swift */; };
		D19506331F2638E60010FDCB /* UpdateDiscoverDistance.swift in Sources */ = {isa = PBXBuildFile; fileRef = D19506321F2638DF0010FDCB /* UpdateDiscoverDistance.swift */; };
		D1A1FD181ED3C90300C8BF4E /* AppDelegate.swift in Sources */ = {isa = PBXBuildFile; fileRef = D1A1FD171ED3C90300C8BF4E /* AppDelegate.swift */; };
		D1A1FD1C1ED3C90300C8BF4E /* MyProfile.swift in Sources */ = {isa = PBXBuildFile; fileRef = D1A1FD1B1ED3C90300C8BF4E /* MyProfile.swift */; };
		D1A1FD1F1ED3C90300C8BF4E /* Main.storyboard in Resources */ = {isa = PBXBuildFile; fileRef = D1A1FD1D1ED3C90300C8BF4E /* Main.storyboard */; };
		D1A1FD211ED3C90300C8BF4E /* Assets.xcassets in Resources */ = {isa = PBXBuildFile; fileRef = D1A1FD201ED3C90300C8BF4E /* Assets.xcassets */; };
		D1A1FD241ED3C90300C8BF4E /* LaunchScreen.storyboard in Resources */ = {isa = PBXBuildFile; fileRef = D1A1FD221ED3C90300C8BF4E /* LaunchScreen.storyboard */; };
		D1A1FD2F1ED3C90300C8BF4E /* LinqTests.swift in Sources */ = {isa = PBXBuildFile; fileRef = D1A1FD2E1ED3C90300C8BF4E /* LinqTests.swift */; };
		D1A1FD3A1ED3C90400C8BF4E /* LinqUITests.swift in Sources */ = {isa = PBXBuildFile; fileRef = D1A1FD391ED3C90400C8BF4E /* LinqUITests.swift */; };
		D1A1FD4A1ED460A700C8BF4E /* Login.swift in Sources */ = {isa = PBXBuildFile; fileRef = D1A1FD491ED460A700C8BF4E /* Login.swift */; };
		D1A1FD4C1ED460D600C8BF4E /* SignUp.swift in Sources */ = {isa = PBXBuildFile; fileRef = D1A1FD4B1ED460D600C8BF4E /* SignUp.swift */; };
		D1A1FD4E1ED4B9EF00C8BF4E /* Settings.swift in Sources */ = {isa = PBXBuildFile; fileRef = D1A1FD4D1ED4B9EF00C8BF4E /* Settings.swift */; };
		D1A1FD501ED5154A00C8BF4E /* NewMove.swift in Sources */ = {isa = PBXBuildFile; fileRef = D1A1FD4F1ED5154A00C8BF4E /* NewMove.swift */; };
		D1A1FD5A1ED5DA5400C8BF4E /* User.swift in Sources */ = {isa = PBXBuildFile; fileRef = D1A1FD591ED5DA5400C8BF4E /* User.swift */; };
		D1A1FD5C1ED5F5E400C8BF4E /* World.swift in Sources */ = {isa = PBXBuildFile; fileRef = D1A1FD5B1ED5F5E400C8BF4E /* World.swift */; };
		D1A1FD5E1ED606B000C8BF4E /* CellForDiscover.swift in Sources */ = {isa = PBXBuildFile; fileRef = D1A1FD5D1ED606B000C8BF4E /* CellForDiscover.swift */; };
		D1A1FD651ED651F800C8BF4E /* Post.swift in Sources */ = {isa = PBXBuildFile; fileRef = D1A1FD641ED651F800C8BF4E /* Post.swift */; };
		D1A1FD671ED929E500C8BF4E /* MovesTable.swift in Sources */ = {isa = PBXBuildFile; fileRef = D1A1FD661ED929DA00C8BF4E /* MovesTable.swift */; };
		D1A1FD691ED92D6700C8BF4E /* MovesTableViewCell.swift in Sources */ = {isa = PBXBuildFile; fileRef = D1A1FD681ED92D6700C8BF4E /* MovesTableViewCell.swift */; };
		D1A922191EFB53270052467C /* Extensions.swift in Sources */ = {isa = PBXBuildFile; fileRef = D1A922181EFB53250052467C /* Extensions.swift */; };
		D1A9221D1F005F6E0052467C /* FollowingCell.swift in Sources */ = {isa = PBXBuildFile; fileRef = D1A9221C1F005F6E0052467C /* FollowingCell.swift */; };
		D1A9221F1F005F890052467C /* FollowersCell.swift in Sources */ = {isa = PBXBuildFile; fileRef = D1A9221E1F005F890052467C /* FollowersCell.swift */; };
		D1AE91AB1EF8093D0057BD09 /* Comment.swift in Sources */ = {isa = PBXBuildFile; fileRef = D1AE91AA1EF8093D0057BD09 /* Comment.swift */; };
		D1AE91AD1EF80F250057BD09 /* Comments.swift in Sources */ = {isa = PBXBuildFile; fileRef = D1AE91AC1EF80F250057BD09 /* Comments.swift */; };
		D1AE91AF1EF835B30057BD09 /* CommentsCell.swift in Sources */ = {isa = PBXBuildFile; fileRef = D1AE91AE1EF835B30057BD09 /* CommentsCell.swift */; };
		D1BED2851F4DBCEC00FFBDAB /* BlockedTable.swift in Sources */ = {isa = PBXBuildFile; fileRef = D1BED2841F4DBCEC00FFBDAB /* BlockedTable.swift */; };
		D1BED2871F4DBD7B00FFBDAB /* BlockedCell.swift in Sources */ = {isa = PBXBuildFile; fileRef = D1BED2861F4DBD7B00FFBDAB /* BlockedCell.swift */; };
		D1C978DD1F0C803A00D043D3 /* AttendeesTable.swift in Sources */ = {isa = PBXBuildFile; fileRef = D1C978DC1F0C803900D043D3 /* AttendeesTable.swift */; };
		D1C978DF1F0C816F00D043D3 /* AttendeesCell.swift in Sources */ = {isa = PBXBuildFile; fileRef = D1C978DE1F0C816F00D043D3 /* AttendeesCell.swift */; };
		D1CED56F1F264960003F4ECC /* DesignableSlider.swift in Sources */ = {isa = PBXBuildFile; fileRef = D1CED56E1F264960003F4ECC /* DesignableSlider.swift */; };
		D1CED5711F265715003F4ECC /* UpdatePrivacy.swift in Sources */ = {isa = PBXBuildFile; fileRef = D1CED5701F265715003F4ECC /* UpdatePrivacy.swift */; };
		D1CED5751F26A0D5003F4ECC /* FriendRequestCell.swift in Sources */ = {isa = PBXBuildFile; fileRef = D1CED5741F26A0D5003F4ECC /* FriendRequestCell.swift */; };
		D1FA12A31EF72147005E7715 /* UpdateEmail.swift in Sources */ = {isa = PBXBuildFile; fileRef = D1FA12A21EF72147005E7715 /* UpdateEmail.swift */; };
		D1FF3AC71EE3B1D000C47640 /* Invitations.swift in Sources */ = {isa = PBXBuildFile; fileRef = D1FF3AC61EE3B1D000C47640 /* Invitations.swift */; };
		D1FF3ACA1EE3B6AC00C47640 /* InvitationCell.swift in Sources */ = {isa = PBXBuildFile; fileRef = D1FF3AC91EE3B6AC00C47640 /* InvitationCell.swift */; };
		D1FF3ACC1EE3B70200C47640 /* Invitation.swift in Sources */ = {isa = PBXBuildFile; fileRef = D1FF3ACB1EE3B70200C47640 /* Invitation.swift */; };
		D1FF3ACE1EE3BBB700C47640 /* RequestCell.swift in Sources */ = {isa = PBXBuildFile; fileRef = D1FF3ACD1EE3BBB700C47640 /* RequestCell.swift */; };
/* End PBXBuildFile section */

/* Begin PBXContainerItemProxy section */
		D1A1FD2B1ED3C90300C8BF4E /* PBXContainerItemProxy */ = {
			isa = PBXContainerItemProxy;
			containerPortal = D1A1FD0C1ED3C90300C8BF4E /* Project object */;
			proxyType = 1;
			remoteGlobalIDString = D1A1FD131ED3C90300C8BF4E;
			remoteInfo = Linq;
		};
		D1A1FD361ED3C90400C8BF4E /* PBXContainerItemProxy */ = {
			isa = PBXContainerItemProxy;
			containerPortal = D1A1FD0C1ED3C90300C8BF4E /* Project object */;
			proxyType = 1;
			remoteGlobalIDString = D1A1FD131ED3C90300C8BF4E;
			remoteInfo = Linq;
		};
/* End PBXContainerItemProxy section */

/* Begin PBXFileReference section */
		1717C81E1F066EA100569455 /* CommentObj.swift */ = {isa = PBXFileReference; fileEncoding = 4; lastKnownFileType = sourcecode.swift; path = CommentObj.swift; sourceTree = "<group>"; };
		176A44201EFBCA0600CCF887 /* ChatLogController.swift */ = {isa = PBXFileReference; fileEncoding = 4; lastKnownFileType = sourcecode.swift; path = ChatLogController.swift; sourceTree = "<group>"; };
		176A44221EFBCCFF00CCF887 /* ChatMessageCell.swift */ = {isa = PBXFileReference; fileEncoding = 4; lastKnownFileType = sourcecode.swift; path = ChatMessageCell.swift; sourceTree = "<group>"; };
		178741971EF1453700FB1B01 /* Globals.swift */ = {isa = PBXFileReference; fileEncoding = 4; lastKnownFileType = sourcecode.swift; path = Globals.swift; sourceTree = "<group>"; };
		178741A51EF17DAB00FB1B01 /* Message.swift */ = {isa = PBXFileReference; fileEncoding = 4; lastKnownFileType = sourcecode.swift; path = Message.swift; sourceTree = "<group>"; };
		25C4DAD3AA65FAE4A7C9F089 /* Pods-LinqTests.release.xcconfig */ = {isa = PBXFileReference; includeInIndex = 1; lastKnownFileType = text.xcconfig; name = "Pods-LinqTests.release.xcconfig"; path = "Pods/Target Support Files/Pods-LinqTests/Pods-LinqTests.release.xcconfig"; sourceTree = "<group>"; };
		5BE19B091FF5F8FA009DA206 /* ScanQRViewController.swift */ = {isa = PBXFileReference; lastKnownFileType = sourcecode.swift; path = ScanQRViewController.swift; sourceTree = "<group>"; };
		6772CE4CE681BF3EBE99DB78 /* Pods_LinqUITests.framework */ = {isa = PBXFileReference; explicitFileType = wrapper.framework; includeInIndex = 0; path = Pods_LinqUITests.framework; sourceTree = BUILT_PRODUCTS_DIR; };
		8A60E25F1E62E7C2B1CE1773 /* Pods-LinqUITests.debug.xcconfig */ = {isa = PBXFileReference; includeInIndex = 1; lastKnownFileType = text.xcconfig; name = "Pods-LinqUITests.debug.xcconfig"; path = "Pods/Target Support Files/Pods-LinqUITests/Pods-LinqUITests.debug.xcconfig"; sourceTree = "<group>"; };
		947853379B7843EC362EDEAD /* Pods_LinqTests.framework */ = {isa = PBXFileReference; explicitFileType = wrapper.framework; includeInIndex = 0; path = Pods_LinqTests.framework; sourceTree = BUILT_PRODUCTS_DIR; };
		9A7CFE521B197CD178A6CBD8 /* Pods-LinqTests.debug.xcconfig */ = {isa = PBXFileReference; includeInIndex = 1; lastKnownFileType = text.xcconfig; name = "Pods-LinqTests.debug.xcconfig"; path = "Pods/Target Support Files/Pods-LinqTests/Pods-LinqTests.debug.xcconfig"; sourceTree = "<group>"; };
		9ECDA62A76FD09561D748350 /* Pods-LinqUITests.release.xcconfig */ = {isa = PBXFileReference; includeInIndex = 1; lastKnownFileType = text.xcconfig; name = "Pods-LinqUITests.release.xcconfig"; path = "Pods/Target Support Files/Pods-LinqUITests/Pods-LinqUITests.release.xcconfig"; sourceTree = "<group>"; };
		B179201C0DF2E50140BAA556 /* Pods-Linq.release.xcconfig */ = {isa = PBXFileReference; includeInIndex = 1; lastKnownFileType = text.xcconfig; name = "Pods-Linq.release.xcconfig"; path = "Pods/Target Support Files/Pods-Linq/Pods-Linq.release.xcconfig"; sourceTree = "<group>"; };
		BA0B116E1F77FEDE0009B77D /* iosTone.caf */ = {isa = PBXFileReference; lastKnownFileType = file; path = iosTone.caf; sourceTree = "<group>"; };
		BA4B97B11F3B5EB80013868F /* SearchViewController.swift */ = {isa = PBXFileReference; fileEncoding = 4; lastKnownFileType = sourcecode.swift; path = SearchViewController.swift; sourceTree = "<group>"; };
		BAE771AA1F4EF01400BFE796 /* FriendRequest.swift */ = {isa = PBXFileReference; fileEncoding = 4; lastKnownFileType = sourcecode.swift; path = FriendRequest.swift; sourceTree = "<group>"; };
		BAE9613B1F3791CA00B5282E /* Linq-Bridging-Header.h */ = {isa = PBXFileReference; lastKnownFileType = sourcecode.c.h; path = "Linq-Bridging-Header.h"; sourceTree = "<group>"; };
		BAE9613C1F37A47F00B5282E /* CoreLocation.framework */ = {isa = PBXFileReference; lastKnownFileType = wrapper.framework; name = CoreLocation.framework; path = System/Library/Frameworks/CoreLocation.framework; sourceTree = SDKROOT; };
		BAE9613E1F37A48500B5282E /* MapKit.framework */ = {isa = PBXFileReference; lastKnownFileType = wrapper.framework; name = MapKit.framework; path = System/Library/Frameworks/MapKit.framework; sourceTree = SDKROOT; };
		BAE961401F37A48B00B5282E /* QuartzCore.framework */ = {isa = PBXFileReference; lastKnownFileType = wrapper.framework; name = QuartzCore.framework; path = System/Library/Frameworks/QuartzCore.framework; sourceTree = SDKROOT; };
		D10420941EDBAFDF00008458 /* Description.swift */ = {isa = PBXFileReference; fileEncoding = 4; lastKnownFileType = sourcecode.swift; path = Description.swift; sourceTree = "<group>"; };
		D10420961EDBB2FA00008458 /* Desc.swift */ = {isa = PBXFileReference; fileEncoding = 4; lastKnownFileType = sourcecode.swift; path = Desc.swift; sourceTree = "<group>"; };
		D111B0BA1F26A7330097D821 /* FriendRequestTable.swift */ = {isa = PBXFileReference; fileEncoding = 4; lastKnownFileType = sourcecode.swift; path = FriendRequestTable.swift; sourceTree = "<group>"; };
		D114F19E1EF728AA00DE6AD2 /* UpdatePassword.swift */ = {isa = PBXFileReference; lastKnownFileType = sourcecode.swift; path = UpdatePassword.swift; sourceTree = "<group>"; };
		D1177BDC1EE45B5F005C5B85 /* ArchiveTable.swift */ = {isa = PBXFileReference; fileEncoding = 4; lastKnownFileType = sourcecode.swift; lineEnding = 0; path = ArchiveTable.swift; sourceTree = "<group>"; xcLanguageSpecificationIdentifier = xcode.lang.swift; };
		D1177BDE1EE45B7B005C5B85 /* ArchiveCell.swift */ = {isa = PBXFileReference; fileEncoding = 4; lastKnownFileType = sourcecode.swift; path = ArchiveCell.swift; sourceTree = "<group>"; };
		D1177BE21EE46FB2005C5B85 /* Request.swift */ = {isa = PBXFileReference; fileEncoding = 4; lastKnownFileType = sourcecode.swift; path = Request.swift; sourceTree = "<group>"; };
		D1177BE41EE4B429005C5B85 /* ArchiveDescription.swift */ = {isa = PBXFileReference; fileEncoding = 4; lastKnownFileType = sourcecode.swift; lineEnding = 0; path = ArchiveDescription.swift; sourceTree = "<group>"; xcLanguageSpecificationIdentifier = xcode.lang.swift; };
		D1177BE61EE5F24F005C5B85 /* ForgotPassword.swift */ = {isa = PBXFileReference; fileEncoding = 4; lastKnownFileType = sourcecode.swift; path = ForgotPassword.swift; sourceTree = "<group>"; };
		D11AFBD01EEDBE5F002CF979 /* GoogleService-Info.plist */ = {isa = PBXFileReference; fileEncoding = 4; lastKnownFileType = text.plist.xml; path = "GoogleService-Info.plist"; sourceTree = "<group>"; };
		D11AFBD21EEF7E0E002CF979 /* Linq.entitlements */ = {isa = PBXFileReference; lastKnownFileType = text.plist.entitlements; path = Linq.entitlements; sourceTree = "<group>"; };
		D12F4AF91EFA1DE100581BBC /* FollowingTable.swift */ = {isa = PBXFileReference; lastKnownFileType = sourcecode.swift; path = FollowingTable.swift; sourceTree = "<group>"; };
		D12F4AFC1EFA1EAB00581BBC /* FollowersTable.swift */ = {isa = PBXFileReference; lastKnownFileType = sourcecode.swift; path = FollowersTable.swift; sourceTree = "<group>"; };
		D130D05F1F098A210085ED9A /* MyJuggTable.swift */ = {isa = PBXFileReference; fileEncoding = 4; lastKnownFileType = sourcecode.swift; path = MyJuggTable.swift; sourceTree = "<group>"; };
		D130D0621F098C920085ED9A /* MyJuggCell.swift */ = {isa = PBXFileReference; fileEncoding = 4; lastKnownFileType = sourcecode.swift; path = MyJuggCell.swift; sourceTree = "<group>"; };
		D13696B41EFA1168004D87FF /* Relations.swift */ = {isa = PBXFileReference; lastKnownFileType = sourcecode.swift; path = Relations.swift; sourceTree = "<group>"; };
		D1371FFA1F06DB3900C9E298 /* OtherUserPageView.swift */ = {isa = PBXFileReference; lastKnownFileType = sourcecode.swift; path = OtherUserPageView.swift; sourceTree = "<group>"; };
		D1371FFC1F06DC4E00C9E298 /* OtherUserBio.swift */ = {isa = PBXFileReference; lastKnownFileType = sourcecode.swift; path = OtherUserBio.swift; sourceTree = "<group>"; };
		D1371FFE1F06DF4F00C9E298 /* OtherUserJuggTable.swift */ = {isa = PBXFileReference; lastKnownFileType = sourcecode.swift; path = OtherUserJuggTable.swift; sourceTree = "<group>"; };
		D13720001F06DFB000C9E298 /* OtherUserJuggCell.swift */ = {isa = PBXFileReference; lastKnownFileType = sourcecode.swift; path = OtherUserJuggCell.swift; sourceTree = "<group>"; };
		D137599D1FF45AC500C762BD /* DiscoverTable.swift */ = {isa = PBXFileReference; fileEncoding = 4; lastKnownFileType = sourcecode.swift; path = DiscoverTable.swift; sourceTree = "<group>"; };
		D137599F1FF45B0B00C762BD /* MyBio.swift */ = {isa = PBXFileReference; fileEncoding = 4; lastKnownFileType = sourcecode.swift; path = MyBio.swift; sourceTree = "<group>"; };
		D1444CB81EE2E902004D6D11 /* OtherUser.swift */ = {isa = PBXFileReference; fileEncoding = 4; lastKnownFileType = sourcecode.swift; path = OtherUser.swift; sourceTree = "<group>"; };
		D1494D6A1F1C1343004A5F0E /* NewMessage.swift */ = {isa = PBXFileReference; fileEncoding = 4; lastKnownFileType = sourcecode.swift; lineEnding = 0; path = NewMessage.swift; sourceTree = "<group>"; xcLanguageSpecificationIdentifier = xcode.lang.swift; };
		D1494D6C1F1C1E94004A5F0E /* NewMessageCell.swift */ = {isa = PBXFileReference; fileEncoding = 4; lastKnownFileType = sourcecode.swift; path = NewMessageCell.swift; sourceTree = "<group>"; };
		D14A2D491F451E3A00ACA81C /* InstagramLoginVC.swift */ = {isa = PBXFileReference; fileEncoding = 4; lastKnownFileType = sourcecode.swift; path = InstagramLoginVC.swift; sourceTree = "<group>"; };
		D153B27E1EDC493400C106DA /* NotificationBox.swift */ = {isa = PBXFileReference; fileEncoding = 4; lastKnownFileType = sourcecode.swift; path = NotificationBox.swift; sourceTree = "<group>"; };
		D153B2821EDC50F200C106DA /* MessagesTable.swift */ = {isa = PBXFileReference; fileEncoding = 4; lastKnownFileType = sourcecode.swift; path = MessagesTable.swift; sourceTree = "<group>"; };
		D153B2841EDC514E00C106DA /* MessageCell.swift */ = {isa = PBXFileReference; fileEncoding = 4; lastKnownFileType = sourcecode.swift; lineEnding = 0; path = MessageCell.swift; sourceTree = "<group>"; xcLanguageSpecificationIdentifier = xcode.lang.swift; };
		D153B2891EDCE29200C106DA /* Map.swift */ = {isa = PBXFileReference; fileEncoding = 4; lastKnownFileType = sourcecode.swift; path = Map.swift; sourceTree = "<group>"; };
		D153B28B1EDCEEFE00C106DA /* LocationSearchTable.swift */ = {isa = PBXFileReference; fileEncoding = 4; lastKnownFileType = sourcecode.swift; path = LocationSearchTable.swift; sourceTree = "<group>"; };
		D155D89D1EE1F3110040C153 /* ProfileImage.swift */ = {isa = PBXFileReference; fileEncoding = 4; lastKnownFileType = sourcecode.swift; path = ProfileImage.swift; sourceTree = "<group>"; };
		D155D89F1EE2003B0040C153 /* UpdateName.swift */ = {isa = PBXFileReference; fileEncoding = 4; lastKnownFileType = sourcecode.swift; path = UpdateName.swift; sourceTree = "<group>"; };
		D15733B01F0933E300617503 /* MyPageView.swift */ = {isa = PBXFileReference; fileEncoding = 4; lastKnownFileType = sourcecode.swift; path = MyPageView.swift; sourceTree = "<group>"; };
		D16B9C3A1F69F44D002B9A3E /* WalkThrough.swift */ = {isa = PBXFileReference; fileEncoding = 4; lastKnownFileType = sourcecode.swift; path = WalkThrough.swift; sourceTree = "<group>"; };
		D16B9C3C1F69FDB3002B9A3E /* PageViewController.swift */ = {isa = PBXFileReference; fileEncoding = 4; lastKnownFileType = sourcecode.swift; path = PageViewController.swift; sourceTree = "<group>"; };
		D178D8B01F5D0CCA0030D6F8 /* searchJuggers.swift */ = {isa = PBXFileReference; fileEncoding = 4; lastKnownFileType = sourcecode.swift; path = searchJuggers.swift; sourceTree = "<group>"; };
		D17A334C1FDCBAF800096600 /* SelectLanguageController.swift */ = {isa = PBXFileReference; lastKnownFileType = sourcecode.swift; path = SelectLanguageController.swift; sourceTree = "<group>"; };
		D17A33511FDCCCEA00096600 /* en */ = {isa = PBXFileReference; lastKnownFileType = text.plist.strings; name = en; path = en.lproj/Localizable.strings; sourceTree = "<group>"; };
		D17A33531FDCCD1000096600 /* ar */ = {isa = PBXFileReference; lastKnownFileType = text.plist.strings; name = ar; path = ar.lproj/Main.strings; sourceTree = "<group>"; };
		D17A33541FDCCD1200096600 /* ar */ = {isa = PBXFileReference; lastKnownFileType = text.plist.strings; name = ar; path = ar.lproj/LaunchScreen.strings; sourceTree = "<group>"; };
		D17A33551FDCCD1300096600 /* ar */ = {isa = PBXFileReference; lastKnownFileType = text.plist.strings; name = ar; path = ar.lproj/Localizable.strings; sourceTree = "<group>"; };
		D17A33561FDCCD1F00096600 /* zh-Hans */ = {isa = PBXFileReference; lastKnownFileType = text.plist.strings; name = "zh-Hans"; path = "zh-Hans.lproj/Main.strings"; sourceTree = "<group>"; };
		D17A33571FDCCD2100096600 /* zh-Hans */ = {isa = PBXFileReference; lastKnownFileType = text.plist.strings; name = "zh-Hans"; path = "zh-Hans.lproj/LaunchScreen.strings"; sourceTree = "<group>"; };
		D17A33581FDCCD2300096600 /* zh-Hans */ = {isa = PBXFileReference; lastKnownFileType = text.plist.strings; name = "zh-Hans"; path = "zh-Hans.lproj/Localizable.strings"; sourceTree = "<group>"; };
		D17A33591FDCCD2E00096600 /* zh-Hant */ = {isa = PBXFileReference; lastKnownFileType = text.plist.strings; name = "zh-Hant"; path = "zh-Hant.lproj/Main.strings"; sourceTree = "<group>"; };
		D17A335A1FDCCD3000096600 /* zh-Hant */ = {isa = PBXFileReference; lastKnownFileType = text.plist.strings; name = "zh-Hant"; path = "zh-Hant.lproj/LaunchScreen.strings"; sourceTree = "<group>"; };
		D17A335B1FDCCD3200096600 /* zh-Hant */ = {isa = PBXFileReference; lastKnownFileType = text.plist.strings; name = "zh-Hant"; path = "zh-Hant.lproj/Localizable.strings"; sourceTree = "<group>"; };
		D17A335C1FDCCD3900096600 /* cs */ = {isa = PBXFileReference; lastKnownFileType = text.plist.strings; name = cs; path = cs.lproj/Main.strings; sourceTree = "<group>"; };
		D17A335D1FDCCD3B00096600 /* cs */ = {isa = PBXFileReference; lastKnownFileType = text.plist.strings; name = cs; path = cs.lproj/LaunchScreen.strings; sourceTree = "<group>"; };
		D17A335E1FDCCD3D00096600 /* cs */ = {isa = PBXFileReference; lastKnownFileType = text.plist.strings; name = cs; path = cs.lproj/Localizable.strings; sourceTree = "<group>"; };
		D17A335F1FDCCD4900096600 /* da */ = {isa = PBXFileReference; lastKnownFileType = text.plist.strings; name = da; path = da.lproj/Main.strings; sourceTree = "<group>"; };
		D17A33601FDCCD4B00096600 /* da */ = {isa = PBXFileReference; lastKnownFileType = text.plist.strings; name = da; path = da.lproj/LaunchScreen.strings; sourceTree = "<group>"; };
		D17A33611FDCCD4C00096600 /* da */ = {isa = PBXFileReference; lastKnownFileType = text.plist.strings; name = da; path = da.lproj/Localizable.strings; sourceTree = "<group>"; };
		D17A33621FDCCD5600096600 /* nl */ = {isa = PBXFileReference; lastKnownFileType = text.plist.strings; name = nl; path = nl.lproj/Main.strings; sourceTree = "<group>"; };
		D17A33631FDCCD5800096600 /* nl */ = {isa = PBXFileReference; lastKnownFileType = text.plist.strings; name = nl; path = nl.lproj/LaunchScreen.strings; sourceTree = "<group>"; };
		D17A33641FDCCD5A00096600 /* nl */ = {isa = PBXFileReference; lastKnownFileType = text.plist.strings; name = nl; path = nl.lproj/Localizable.strings; sourceTree = "<group>"; };
		D17A33651FDCCD6300096600 /* fi */ = {isa = PBXFileReference; lastKnownFileType = text.plist.strings; name = fi; path = fi.lproj/Main.strings; sourceTree = "<group>"; };
		D17A33661FDCCD6500096600 /* fi */ = {isa = PBXFileReference; lastKnownFileType = text.plist.strings; name = fi; path = fi.lproj/LaunchScreen.strings; sourceTree = "<group>"; };
		D17A33671FDCCD6700096600 /* fi */ = {isa = PBXFileReference; lastKnownFileType = text.plist.strings; name = fi; path = fi.lproj/Localizable.strings; sourceTree = "<group>"; };
		D17A33681FDCCD7200096600 /* fr */ = {isa = PBXFileReference; lastKnownFileType = text.plist.strings; name = fr; path = fr.lproj/Main.strings; sourceTree = "<group>"; };
		D17A33691FDCCD7400096600 /* fr */ = {isa = PBXFileReference; lastKnownFileType = text.plist.strings; name = fr; path = fr.lproj/LaunchScreen.strings; sourceTree = "<group>"; };
		D17A336A1FDCCD7700096600 /* fr */ = {isa = PBXFileReference; lastKnownFileType = text.plist.strings; name = fr; path = fr.lproj/Localizable.strings; sourceTree = "<group>"; };
		D17A336B1FDCCD7F00096600 /* de */ = {isa = PBXFileReference; lastKnownFileType = text.plist.strings; name = de; path = de.lproj/Main.strings; sourceTree = "<group>"; };
		D17A336C1FDCCD8100096600 /* de */ = {isa = PBXFileReference; lastKnownFileType = text.plist.strings; name = de; path = de.lproj/LaunchScreen.strings; sourceTree = "<group>"; };
		D17A336D1FDCCD8200096600 /* de */ = {isa = PBXFileReference; lastKnownFileType = text.plist.strings; name = de; path = de.lproj/Localizable.strings; sourceTree = "<group>"; };
		D17A336E1FDCCD8900096600 /* el */ = {isa = PBXFileReference; lastKnownFileType = text.plist.strings; name = el; path = el.lproj/Main.strings; sourceTree = "<group>"; };
		D17A336F1FDCCD8B00096600 /* el */ = {isa = PBXFileReference; lastKnownFileType = text.plist.strings; name = el; path = el.lproj/LaunchScreen.strings; sourceTree = "<group>"; };
		D17A33701FDCCD8D00096600 /* el */ = {isa = PBXFileReference; lastKnownFileType = text.plist.strings; name = el; path = el.lproj/Localizable.strings; sourceTree = "<group>"; };
		D17A33711FDCCDA400096600 /* he */ = {isa = PBXFileReference; lastKnownFileType = text.plist.strings; name = he; path = he.lproj/Main.strings; sourceTree = "<group>"; };
		D17A33721FDCCDA600096600 /* he */ = {isa = PBXFileReference; lastKnownFileType = text.plist.strings; name = he; path = he.lproj/LaunchScreen.strings; sourceTree = "<group>"; };
		D17A33731FDCCDA800096600 /* he */ = {isa = PBXFileReference; lastKnownFileType = text.plist.strings; name = he; path = he.lproj/Localizable.strings; sourceTree = "<group>"; };
		D17A33741FDCCDAF00096600 /* id */ = {isa = PBXFileReference; lastKnownFileType = text.plist.strings; name = id; path = id.lproj/Main.strings; sourceTree = "<group>"; };
		D17A33751FDCCDB100096600 /* id */ = {isa = PBXFileReference; lastKnownFileType = text.plist.strings; name = id; path = id.lproj/LaunchScreen.strings; sourceTree = "<group>"; };
		D17A33761FDCCDB300096600 /* id */ = {isa = PBXFileReference; lastKnownFileType = text.plist.strings; name = id; path = id.lproj/Localizable.strings; sourceTree = "<group>"; };
		D17A33771FDCCDC100096600 /* it */ = {isa = PBXFileReference; lastKnownFileType = text.plist.strings; name = it; path = it.lproj/Main.strings; sourceTree = "<group>"; };
		D17A33781FDCCDC300096600 /* it */ = {isa = PBXFileReference; lastKnownFileType = text.plist.strings; name = it; path = it.lproj/LaunchScreen.strings; sourceTree = "<group>"; };
		D17A33791FDCCDC500096600 /* it */ = {isa = PBXFileReference; lastKnownFileType = text.plist.strings; name = it; path = it.lproj/Localizable.strings; sourceTree = "<group>"; };
		D17A337A1FDCCDCC00096600 /* ja */ = {isa = PBXFileReference; lastKnownFileType = text.plist.strings; name = ja; path = ja.lproj/Main.strings; sourceTree = "<group>"; };
		D17A337B1FDCCDCD00096600 /* ja */ = {isa = PBXFileReference; lastKnownFileType = text.plist.strings; name = ja; path = ja.lproj/LaunchScreen.strings; sourceTree = "<group>"; };
		D17A337C1FDCCDCF00096600 /* ja */ = {isa = PBXFileReference; lastKnownFileType = text.plist.strings; name = ja; path = ja.lproj/Localizable.strings; sourceTree = "<group>"; };
		D17A337D1FDCCDDD00096600 /* ko */ = {isa = PBXFileReference; lastKnownFileType = text.plist.strings; name = ko; path = ko.lproj/Main.strings; sourceTree = "<group>"; };
		D17A337E1FDCCDDF00096600 /* ko */ = {isa = PBXFileReference; lastKnownFileType = text.plist.strings; name = ko; path = ko.lproj/LaunchScreen.strings; sourceTree = "<group>"; };
		D17A337F1FDCCDE100096600 /* ko */ = {isa = PBXFileReference; lastKnownFileType = text.plist.strings; name = ko; path = ko.lproj/Localizable.strings; sourceTree = "<group>"; };
		D17A33801FDCCDE800096600 /* pl */ = {isa = PBXFileReference; lastKnownFileType = text.plist.strings; name = pl; path = pl.lproj/Main.strings; sourceTree = "<group>"; };
		D17A33811FDCCDEB00096600 /* pl */ = {isa = PBXFileReference; lastKnownFileType = text.plist.strings; name = pl; path = pl.lproj/LaunchScreen.strings; sourceTree = "<group>"; };
		D17A33821FDCCDED00096600 /* pl */ = {isa = PBXFileReference; lastKnownFileType = text.plist.strings; name = pl; path = pl.lproj/Localizable.strings; sourceTree = "<group>"; };
		D17A33831FDCCE0800096600 /* pt-BR */ = {isa = PBXFileReference; lastKnownFileType = text.plist.strings; name = "pt-BR"; path = "pt-BR.lproj/Main.strings"; sourceTree = "<group>"; };
		D17A33841FDCCE0A00096600 /* pt-BR */ = {isa = PBXFileReference; lastKnownFileType = text.plist.strings; name = "pt-BR"; path = "pt-BR.lproj/LaunchScreen.strings"; sourceTree = "<group>"; };
		D17A33851FDCCE0B00096600 /* pt-BR */ = {isa = PBXFileReference; lastKnownFileType = text.plist.strings; name = "pt-BR"; path = "pt-BR.lproj/Localizable.strings"; sourceTree = "<group>"; };
		D17A33861FDCCE1C00096600 /* ru */ = {isa = PBXFileReference; lastKnownFileType = text.plist.strings; name = ru; path = ru.lproj/Main.strings; sourceTree = "<group>"; };
		D17A33871FDCCE1E00096600 /* ru */ = {isa = PBXFileReference; lastKnownFileType = text.plist.strings; name = ru; path = ru.lproj/LaunchScreen.strings; sourceTree = "<group>"; };
		D17A33881FDCCE2000096600 /* ru */ = {isa = PBXFileReference; lastKnownFileType = text.plist.strings; name = ru; path = ru.lproj/Localizable.strings; sourceTree = "<group>"; };
		D17A33891FDCCE2700096600 /* es */ = {isa = PBXFileReference; lastKnownFileType = text.plist.strings; name = es; path = es.lproj/Main.strings; sourceTree = "<group>"; };
		D17A338A1FDCCE2800096600 /* es */ = {isa = PBXFileReference; lastKnownFileType = text.plist.strings; name = es; path = es.lproj/LaunchScreen.strings; sourceTree = "<group>"; };
		D17A338B1FDCCE2A00096600 /* es */ = {isa = PBXFileReference; lastKnownFileType = text.plist.strings; name = es; path = es.lproj/Localizable.strings; sourceTree = "<group>"; };
		D17A338C1FDCCE2F00096600 /* sv */ = {isa = PBXFileReference; lastKnownFileType = text.plist.strings; name = sv; path = sv.lproj/Main.strings; sourceTree = "<group>"; };
		D17A338D1FDCCE3100096600 /* sv */ = {isa = PBXFileReference; lastKnownFileType = text.plist.strings; name = sv; path = sv.lproj/LaunchScreen.strings; sourceTree = "<group>"; };
		D17A338E1FDCCE3300096600 /* sv */ = {isa = PBXFileReference; lastKnownFileType = text.plist.strings; name = sv; path = sv.lproj/Localizable.strings; sourceTree = "<group>"; };
		D17A338F1FDCCE3A00096600 /* tr */ = {isa = PBXFileReference; lastKnownFileType = text.plist.strings; name = tr; path = tr.lproj/Main.strings; sourceTree = "<group>"; };
		D17A33901FDCCE3B00096600 /* tr */ = {isa = PBXFileReference; lastKnownFileType = text.plist.strings; name = tr; path = tr.lproj/LaunchScreen.strings; sourceTree = "<group>"; };
		D17A33911FDCCE3D00096600 /* tr */ = {isa = PBXFileReference; lastKnownFileType = text.plist.strings; name = tr; path = tr.lproj/Localizable.strings; sourceTree = "<group>"; };
		D17A33921FDCCE4600096600 /* uk */ = {isa = PBXFileReference; lastKnownFileType = text.plist.strings; name = uk; path = uk.lproj/Main.strings; sourceTree = "<group>"; };
		D17A33931FDCCE4800096600 /* uk */ = {isa = PBXFileReference; lastKnownFileType = text.plist.strings; name = uk; path = uk.lproj/LaunchScreen.strings; sourceTree = "<group>"; };
		D17A33941FDCCE4A00096600 /* uk */ = {isa = PBXFileReference; lastKnownFileType = text.plist.strings; name = uk; path = uk.lproj/Localizable.strings; sourceTree = "<group>"; };
		D17A33951FDCCE5400096600 /* vi */ = {isa = PBXFileReference; lastKnownFileType = text.plist.strings; name = vi; path = vi.lproj/Main.strings; sourceTree = "<group>"; };
		D17A33961FDCCE5600096600 /* vi */ = {isa = PBXFileReference; lastKnownFileType = text.plist.strings; name = vi; path = vi.lproj/LaunchScreen.strings; sourceTree = "<group>"; };
		D17A33971FDCCE5900096600 /* vi */ = {isa = PBXFileReference; lastKnownFileType = text.plist.strings; name = vi; path = vi.lproj/Localizable.strings; sourceTree = "<group>"; };
		D187EDE31EF737810090E8D7 /* UpdateBio.swift */ = {isa = PBXFileReference; lastKnownFileType = sourcecode.swift; path = UpdateBio.swift; sourceTree = "<group>"; };
		D187EDE51EF73CBD0090E8D7 /* UpdateWebsite.swift */ = {isa = PBXFileReference; lastKnownFileType = sourcecode.swift; path = UpdateWebsite.swift; sourceTree = "<group>"; };
		D19506321F2638DF0010FDCB /* UpdateDiscoverDistance.swift */ = {isa = PBXFileReference; fileEncoding = 4; lastKnownFileType = sourcecode.swift; path = UpdateDiscoverDistance.swift; sourceTree = "<group>"; };
		D1A1FD141ED3C90300C8BF4E /* Linq.app */ = {isa = PBXFileReference; explicitFileType = wrapper.application; includeInIndex = 0; path = Linq.app; sourceTree = BUILT_PRODUCTS_DIR; };
		D1A1FD171ED3C90300C8BF4E /* AppDelegate.swift */ = {isa = PBXFileReference; lastKnownFileType = sourcecode.swift; path = AppDelegate.swift; sourceTree = "<group>"; };
		D1A1FD1B1ED3C90300C8BF4E /* MyProfile.swift */ = {isa = PBXFileReference; lastKnownFileType = sourcecode.swift; lineEnding = 0; path = MyProfile.swift; sourceTree = "<group>"; xcLanguageSpecificationIdentifier = xcode.lang.swift; };
		D1A1FD1E1ED3C90300C8BF4E /* Base */ = {isa = PBXFileReference; lastKnownFileType = file.storyboard; name = Base; path = Base.lproj/Main.storyboard; sourceTree = "<group>"; };
		D1A1FD201ED3C90300C8BF4E /* Assets.xcassets */ = {isa = PBXFileReference; lastKnownFileType = folder.assetcatalog; path = Assets.xcassets; sourceTree = "<group>"; };
		D1A1FD231ED3C90300C8BF4E /* Base */ = {isa = PBXFileReference; lastKnownFileType = file.storyboard; name = Base; path = Base.lproj/LaunchScreen.storyboard; sourceTree = "<group>"; };
		D1A1FD251ED3C90300C8BF4E /* Info.plist */ = {isa = PBXFileReference; lastKnownFileType = text.plist.xml; path = Info.plist; sourceTree = "<group>"; };
		D1A1FD2A1ED3C90300C8BF4E /* LinqTests.xctest */ = {isa = PBXFileReference; explicitFileType = wrapper.cfbundle; includeInIndex = 0; path = LinqTests.xctest; sourceTree = BUILT_PRODUCTS_DIR; };
		D1A1FD2E1ED3C90300C8BF4E /* LinqTests.swift */ = {isa = PBXFileReference; lastKnownFileType = sourcecode.swift; path = LinqTests.swift; sourceTree = "<group>"; };
		D1A1FD301ED3C90300C8BF4E /* Info.plist */ = {isa = PBXFileReference; lastKnownFileType = text.plist.xml; path = Info.plist; sourceTree = "<group>"; };
		D1A1FD351ED3C90400C8BF4E /* LinqUITests.xctest */ = {isa = PBXFileReference; explicitFileType = wrapper.cfbundle; includeInIndex = 0; path = LinqUITests.xctest; sourceTree = BUILT_PRODUCTS_DIR; };
		D1A1FD391ED3C90400C8BF4E /* LinqUITests.swift */ = {isa = PBXFileReference; lastKnownFileType = sourcecode.swift; path = LinqUITests.swift; sourceTree = "<group>"; };
		D1A1FD3B1ED3C90400C8BF4E /* Info.plist */ = {isa = PBXFileReference; lastKnownFileType = text.plist.xml; path = Info.plist; sourceTree = "<group>"; };
		D1A1FD491ED460A700C8BF4E /* Login.swift */ = {isa = PBXFileReference; fileEncoding = 4; lastKnownFileType = sourcecode.swift; lineEnding = 0; path = Login.swift; sourceTree = "<group>"; xcLanguageSpecificationIdentifier = xcode.lang.swift; };
		D1A1FD4B1ED460D600C8BF4E /* SignUp.swift */ = {isa = PBXFileReference; fileEncoding = 4; lastKnownFileType = sourcecode.swift; path = SignUp.swift; sourceTree = "<group>"; };
		D1A1FD4D1ED4B9EF00C8BF4E /* Settings.swift */ = {isa = PBXFileReference; fileEncoding = 4; lastKnownFileType = sourcecode.swift; path = Settings.swift; sourceTree = "<group>"; };
		D1A1FD4F1ED5154A00C8BF4E /* NewMove.swift */ = {isa = PBXFileReference; fileEncoding = 4; lastKnownFileType = sourcecode.swift; path = NewMove.swift; sourceTree = "<group>"; };
		D1A1FD591ED5DA5400C8BF4E /* User.swift */ = {isa = PBXFileReference; fileEncoding = 4; lastKnownFileType = sourcecode.swift; path = User.swift; sourceTree = "<group>"; };
		D1A1FD5B1ED5F5E400C8BF4E /* World.swift */ = {isa = PBXFileReference; fileEncoding = 4; lastKnownFileType = sourcecode.swift; path = World.swift; sourceTree = "<group>"; };
		D1A1FD5D1ED606B000C8BF4E /* CellForDiscover.swift */ = {isa = PBXFileReference; fileEncoding = 4; lastKnownFileType = sourcecode.swift; path = CellForDiscover.swift; sourceTree = "<group>"; };
		D1A1FD641ED651F800C8BF4E /* Post.swift */ = {isa = PBXFileReference; fileEncoding = 4; lastKnownFileType = sourcecode.swift; path = Post.swift; sourceTree = "<group>"; };
		D1A1FD661ED929DA00C8BF4E /* MovesTable.swift */ = {isa = PBXFileReference; fileEncoding = 4; lastKnownFileType = sourcecode.swift; lineEnding = 0; path = MovesTable.swift; sourceTree = "<group>"; xcLanguageSpecificationIdentifier = xcode.lang.swift; };
		D1A1FD681ED92D6700C8BF4E /* MovesTableViewCell.swift */ = {isa = PBXFileReference; fileEncoding = 4; lastKnownFileType = sourcecode.swift; path = MovesTableViewCell.swift; sourceTree = "<group>"; };
		D1A922181EFB53250052467C /* Extensions.swift */ = {isa = PBXFileReference; fileEncoding = 4; lastKnownFileType = sourcecode.swift; path = Extensions.swift; sourceTree = "<group>"; };
		D1A9221C1F005F6E0052467C /* FollowingCell.swift */ = {isa = PBXFileReference; fileEncoding = 4; lastKnownFileType = sourcecode.swift; path = FollowingCell.swift; sourceTree = "<group>"; };
		D1A9221E1F005F890052467C /* FollowersCell.swift */ = {isa = PBXFileReference; fileEncoding = 4; lastKnownFileType = sourcecode.swift; path = FollowersCell.swift; sourceTree = "<group>"; };
		D1AE91AA1EF8093D0057BD09 /* Comment.swift */ = {isa = PBXFileReference; fileEncoding = 4; lastKnownFileType = sourcecode.swift; path = Comment.swift; sourceTree = "<group>"; };
		D1AE91AC1EF80F250057BD09 /* Comments.swift */ = {isa = PBXFileReference; fileEncoding = 4; lastKnownFileType = sourcecode.swift; path = Comments.swift; sourceTree = "<group>"; };
		D1AE91AE1EF835B30057BD09 /* CommentsCell.swift */ = {isa = PBXFileReference; fileEncoding = 4; lastKnownFileType = sourcecode.swift; path = CommentsCell.swift; sourceTree = "<group>"; };
		D1BED2841F4DBCEC00FFBDAB /* BlockedTable.swift */ = {isa = PBXFileReference; fileEncoding = 4; lastKnownFileType = sourcecode.swift; path = BlockedTable.swift; sourceTree = "<group>"; };
		D1BED2861F4DBD7B00FFBDAB /* BlockedCell.swift */ = {isa = PBXFileReference; fileEncoding = 4; lastKnownFileType = sourcecode.swift; path = BlockedCell.swift; sourceTree = "<group>"; };
		D1C978DC1F0C803900D043D3 /* AttendeesTable.swift */ = {isa = PBXFileReference; fileEncoding = 4; lastKnownFileType = sourcecode.swift; lineEnding = 0; path = AttendeesTable.swift; sourceTree = "<group>"; xcLanguageSpecificationIdentifier = xcode.lang.swift; };
		D1C978DE1F0C816F00D043D3 /* AttendeesCell.swift */ = {isa = PBXFileReference; fileEncoding = 4; lastKnownFileType = sourcecode.swift; path = AttendeesCell.swift; sourceTree = "<group>"; };
		D1CED56E1F264960003F4ECC /* DesignableSlider.swift */ = {isa = PBXFileReference; fileEncoding = 4; lastKnownFileType = sourcecode.swift; path = DesignableSlider.swift; sourceTree = "<group>"; };
		D1CED5701F265715003F4ECC /* UpdatePrivacy.swift */ = {isa = PBXFileReference; fileEncoding = 4; lastKnownFileType = sourcecode.swift; path = UpdatePrivacy.swift; sourceTree = "<group>"; };
		D1CED5741F26A0D5003F4ECC /* FriendRequestCell.swift */ = {isa = PBXFileReference; fileEncoding = 4; lastKnownFileType = sourcecode.swift; path = FriendRequestCell.swift; sourceTree = "<group>"; };
		D1FA12A21EF72147005E7715 /* UpdateEmail.swift */ = {isa = PBXFileReference; lastKnownFileType = sourcecode.swift; path = UpdateEmail.swift; sourceTree = "<group>"; };
		D1FF3AC61EE3B1D000C47640 /* Invitations.swift */ = {isa = PBXFileReference; fileEncoding = 4; lastKnownFileType = sourcecode.swift; lineEnding = 0; path = Invitations.swift; sourceTree = "<group>"; xcLanguageSpecificationIdentifier = xcode.lang.swift; };
		D1FF3AC91EE3B6AC00C47640 /* InvitationCell.swift */ = {isa = PBXFileReference; fileEncoding = 4; lastKnownFileType = sourcecode.swift; path = InvitationCell.swift; sourceTree = "<group>"; };
		D1FF3ACB1EE3B70200C47640 /* Invitation.swift */ = {isa = PBXFileReference; fileEncoding = 4; lastKnownFileType = sourcecode.swift; path = Invitation.swift; sourceTree = "<group>"; };
		D1FF3ACD1EE3BBB700C47640 /* RequestCell.swift */ = {isa = PBXFileReference; fileEncoding = 4; lastKnownFileType = sourcecode.swift; path = RequestCell.swift; sourceTree = "<group>"; };
		D9BA6E562DB4F8128D06994B /* Pods-Linq.debug.xcconfig */ = {isa = PBXFileReference; includeInIndex = 1; lastKnownFileType = text.xcconfig; name = "Pods-Linq.debug.xcconfig"; path = "Pods/Target Support Files/Pods-Linq/Pods-Linq.debug.xcconfig"; sourceTree = "<group>"; };
		E21E4CEDE691B9F6B277FD50 /* Pods_Linq.framework */ = {isa = PBXFileReference; explicitFileType = wrapper.framework; includeInIndex = 0; path = Pods_Linq.framework; sourceTree = BUILT_PRODUCTS_DIR; };
/* End PBXFileReference section */

/* Begin PBXFrameworksBuildPhase section */
		D1A1FD111ED3C90300C8BF4E /* Frameworks */ = {
			isa = PBXFrameworksBuildPhase;
			buildActionMask = 2147483647;
			files = (
				BAE961411F37A48B00B5282E /* QuartzCore.framework in Frameworks */,
				BAE9613F1F37A48500B5282E /* MapKit.framework in Frameworks */,
				BAE9613D1F37A47F00B5282E /* CoreLocation.framework in Frameworks */,
				7E43BB5217089F9C4EEE2E8C /* Pods_Linq.framework in Frameworks */,
			);
			runOnlyForDeploymentPostprocessing = 0;
		};
		D1A1FD271ED3C90300C8BF4E /* Frameworks */ = {
			isa = PBXFrameworksBuildPhase;
			buildActionMask = 2147483647;
			files = (
				04F81A3F0AC3825E1DD99A9B /* Pods_LinqTests.framework in Frameworks */,
			);
			runOnlyForDeploymentPostprocessing = 0;
		};
		D1A1FD321ED3C90400C8BF4E /* Frameworks */ = {
			isa = PBXFrameworksBuildPhase;
			buildActionMask = 2147483647;
			files = (
				884FDEC32C3676CE14F292D6 /* Pods_LinqUITests.framework in Frameworks */,
			);
			runOnlyForDeploymentPostprocessing = 0;
		};
/* End PBXFrameworksBuildPhase section */

/* Begin PBXGroup section */
		189DA139ACB0D2FE6895D861 /* Frameworks */ = {
			isa = PBXGroup;
			children = (
				BAE961401F37A48B00B5282E /* QuartzCore.framework */,
				BAE9613E1F37A48500B5282E /* MapKit.framework */,
				BAE9613C1F37A47F00B5282E /* CoreLocation.framework */,
				E21E4CEDE691B9F6B277FD50 /* Pods_Linq.framework */,
				947853379B7843EC362EDEAD /* Pods_LinqTests.framework */,
				6772CE4CE681BF3EBE99DB78 /* Pods_LinqUITests.framework */,
			);
			name = Frameworks;
			sourceTree = "<group>";
		};
		5D207AD4FA167F3BEA6E60BD /* Pods */ = {
			isa = PBXGroup;
			children = (
				D9BA6E562DB4F8128D06994B /* Pods-Linq.debug.xcconfig */,
				B179201C0DF2E50140BAA556 /* Pods-Linq.release.xcconfig */,
				9A7CFE521B197CD178A6CBD8 /* Pods-LinqTests.debug.xcconfig */,
				25C4DAD3AA65FAE4A7C9F089 /* Pods-LinqTests.release.xcconfig */,
				8A60E25F1E62E7C2B1CE1773 /* Pods-LinqUITests.debug.xcconfig */,
				9ECDA62A76FD09561D748350 /* Pods-LinqUITests.release.xcconfig */,
			);
			name = Pods;
			sourceTree = "<group>";
		};
		D10420921EDB6FC600008458 /* Objects */ = {
			isa = PBXGroup;
			children = (
				178741971EF1453700FB1B01 /* Globals.swift */,
				BAE771AA1F4EF01400BFE796 /* FriendRequest.swift */,
				D1A1FD591ED5DA5400C8BF4E /* User.swift */,
				D1A1FD641ED651F800C8BF4E /* Post.swift */,
				D10420961EDBB2FA00008458 /* Desc.swift */,
				D1FF3ACB1EE3B70200C47640 /* Invitation.swift */,
				D1177BE21EE46FB2005C5B85 /* Request.swift */,
				178741A51EF17DAB00FB1B01 /* Message.swift */,
				1717C81E1F066EA100569455 /* CommentObj.swift */,
				D1AE91AA1EF8093D0057BD09 /* Comment.swift */,
				D1CED56E1F264960003F4ECC /* DesignableSlider.swift */,
				BAE9613B1F3791CA00B5282E /* Linq-Bridging-Header.h */,
			);
			name = Objects;
			sourceTree = "<group>";
		};
		D10420931EDBAF8400008458 /* TABS */ = {
			isa = PBXGroup;
			children = (
				D1A1FD661ED929DA00C8BF4E /* MovesTable.swift */,
				D1A1FD681ED92D6700C8BF4E /* MovesTableViewCell.swift */,
				D153B2881EDCE22900C106DA /* World Tab */,
				D1FF3AC81EE3B65C00C47640 /* Box */,
				D12F4AFB1EFA1E3F00581BBC /* Profiles */,
				D130D0611F098A3A0085ED9A /* Relations */,
			);
			name = TABS;
			sourceTree = "<group>";
		};
		D12F4AFB1EFA1E3F00581BBC /* Profiles */ = {
			isa = PBXGroup;
			children = (
				D1A1FD1B1ED3C90300C8BF4E /* MyProfile.swift */,
				D15733B01F0933E300617503 /* MyPageView.swift */,
				D137599F1FF45B0B00C762BD /* MyBio.swift */,
				D130D05F1F098A210085ED9A /* MyJuggTable.swift */,
				D130D0621F098C920085ED9A /* MyJuggCell.swift */,
				D12F4AFE1EFA1EC400581BBC /* Other User */,
			);
			name = Profiles;
			sourceTree = "<group>";
		};
		D12F4AFE1EFA1EC400581BBC /* Other User */ = {
			isa = PBXGroup;
			children = (
				D1444CB81EE2E902004D6D11 /* OtherUser.swift */,
				D1371FFA1F06DB3900C9E298 /* OtherUserPageView.swift */,
				D1371FFC1F06DC4E00C9E298 /* OtherUserBio.swift */,
				D1371FFE1F06DF4F00C9E298 /* OtherUserJuggTable.swift */,
				D13720001F06DFB000C9E298 /* OtherUserJuggCell.swift */,
			);
			name = "Other User";
			sourceTree = "<group>";
		};
		D130D0611F098A3A0085ED9A /* Relations */ = {
			isa = PBXGroup;
			children = (
				D13696B41EFA1168004D87FF /* Relations.swift */,
				D12F4AF91EFA1DE100581BBC /* FollowingTable.swift */,
				D1A9221C1F005F6E0052467C /* FollowingCell.swift */,
				D12F4AFC1EFA1EAB00581BBC /* FollowersTable.swift */,
				D1A9221E1F005F890052467C /* FollowersCell.swift */,
			);
			name = Relations;
			sourceTree = "<group>";
		};
		D153B2881EDCE22900C106DA /* World Tab */ = {
			isa = PBXGroup;
			children = (
				D1A1FD5B1ED5F5E400C8BF4E /* World.swift */,
				D137599D1FF45AC500C762BD /* DiscoverTable.swift */,
				D1A1FD5D1ED606B000C8BF4E /* CellForDiscover.swift */,
				D153B2891EDCE29200C106DA /* Map.swift */,
				D153B28B1EDCEEFE00C106DA /* LocationSearchTable.swift */,
			);
			name = "World Tab";
			sourceTree = "<group>";
		};
		D155D89C1EE1F2BC0040C153 /* Settings */ = {
			isa = PBXGroup;
			children = (
				D1A1FD4D1ED4B9EF00C8BF4E /* Settings.swift */,
				D155D89D1EE1F3110040C153 /* ProfileImage.swift */,
				D155D89F1EE2003B0040C153 /* UpdateName.swift */,
				D1FA12A21EF72147005E7715 /* UpdateEmail.swift */,
				D114F19E1EF728AA00DE6AD2 /* UpdatePassword.swift */,
				D187EDE31EF737810090E8D7 /* UpdateBio.swift */,
				D187EDE51EF73CBD0090E8D7 /* UpdateWebsite.swift */,
				D14A2D491F451E3A00ACA81C /* InstagramLoginVC.swift */,
				D19506321F2638DF0010FDCB /* UpdateDiscoverDistance.swift */,
				D1CED5701F265715003F4ECC /* UpdatePrivacy.swift */,
				D111B0BA1F26A7330097D821 /* FriendRequestTable.swift */,
				D1CED5741F26A0D5003F4ECC /* FriendRequestCell.swift */,
				D1BED2841F4DBCEC00FFBDAB /* BlockedTable.swift */,
				D1BED2861F4DBD7B00FFBDAB /* BlockedCell.swift */,
				D178D8B01F5D0CCA0030D6F8 /* searchJuggers.swift */,
				5BE19B091FF5F8FA009DA206 /* ScanQRViewController.swift */,
			);
			name = Settings;
			sourceTree = "<group>";
		};
		D1A1FD0B1ED3C90300C8BF4E = {
			isa = PBXGroup;
			children = (
				D1A1FD161ED3C90300C8BF4E /* Linq */,
				D1A1FD2D1ED3C90300C8BF4E /* LinqTests */,
				D1A1FD381ED3C90400C8BF4E /* LinqUITests */,
				D1A1FD151ED3C90300C8BF4E /* Products */,
				5D207AD4FA167F3BEA6E60BD /* Pods */,
				189DA139ACB0D2FE6895D861 /* Frameworks */,
			);
			sourceTree = "<group>";
		};
		D1A1FD151ED3C90300C8BF4E /* Products */ = {
			isa = PBXGroup;
			children = (
				D1A1FD141ED3C90300C8BF4E /* Linq.app */,
				D1A1FD2A1ED3C90300C8BF4E /* LinqTests.xctest */,
				D1A1FD351ED3C90400C8BF4E /* LinqUITests.xctest */,
			);
			name = Products;
			sourceTree = "<group>";
		};
		D1A1FD161ED3C90300C8BF4E /* Linq */ = {
			isa = PBXGroup;
			children = (
				D11AFBD21EEF7E0E002CF979 /* Linq.entitlements */,
				D1A1FD611ED6448F00C8BF4E /* Intro */,
				D10420921EDB6FC600008458 /* Objects */,
				D10420931EDBAF8400008458 /* TABS */,
				D155D89C1EE1F2BC0040C153 /* Settings */,
				D10420941EDBAFDF00008458 /* Description.swift */,
				D1AE91AC1EF80F250057BD09 /* Comments.swift */,
				D1AE91AE1EF835B30057BD09 /* CommentsCell.swift */,
				BA4B97B11F3B5EB80013868F /* SearchViewController.swift */,
				D1A1FD4F1ED5154A00C8BF4E /* NewMove.swift */,
				D1177BDE1EE45B7B005C5B85 /* ArchiveCell.swift */,
				D1177BDC1EE45B5F005C5B85 /* ArchiveTable.swift */,
				D1177BE41EE4B429005C5B85 /* ArchiveDescription.swift */,
				D153B27E1EDC493400C106DA /* NotificationBox.swift */,
				D17A33521FDCCCEA00096600 /* Localizable.strings */,
				D1A1FD1D1ED3C90300C8BF4E /* Main.storyboard */,
				D1A1FD201ED3C90300C8BF4E /* Assets.xcassets */,
				BA0B116E1F77FEDE0009B77D /* iosTone.caf */,
				D1A1FD221ED3C90300C8BF4E /* LaunchScreen.storyboard */,
				D1A1FD251ED3C90300C8BF4E /* Info.plist */,
				D11AFBD01EEDBE5F002CF979 /* GoogleService-Info.plist */,
			);
			path = Linq;
			sourceTree = "<group>";
		};
		D1A1FD2D1ED3C90300C8BF4E /* LinqTests */ = {
			isa = PBXGroup;
			children = (
				D1A1FD2E1ED3C90300C8BF4E /* LinqTests.swift */,
				D1A1FD301ED3C90300C8BF4E /* Info.plist */,
			);
			path = LinqTests;
			sourceTree = "<group>";
		};
		D1A1FD381ED3C90400C8BF4E /* LinqUITests */ = {
			isa = PBXGroup;
			children = (
				D1A1FD391ED3C90400C8BF4E /* LinqUITests.swift */,
				D1A1FD3B1ED3C90400C8BF4E /* Info.plist */,
			);
			path = LinqUITests;
			sourceTree = "<group>";
		};
		D1A1FD611ED6448F00C8BF4E /* Intro */ = {
			isa = PBXGroup;
			children = (
				D1A1FD171ED3C90300C8BF4E /* AppDelegate.swift */,
				D17A334C1FDCBAF800096600 /* SelectLanguageController.swift */,
				D16B9C3A1F69F44D002B9A3E /* WalkThrough.swift */,
				D16B9C3C1F69FDB3002B9A3E /* PageViewController.swift */,
				D1A1FD4B1ED460D600C8BF4E /* SignUp.swift */,
				D1A1FD491ED460A700C8BF4E /* Login.swift */,
				D1177BE61EE5F24F005C5B85 /* ForgotPassword.swift */,
			);
			name = Intro;
			sourceTree = "<group>";
		};
		D1FF3AC81EE3B65C00C47640 /* Box */ = {
			isa = PBXGroup;
			children = (
				D1494D6A1F1C1343004A5F0E /* NewMessage.swift */,
				D1494D6C1F1C1E94004A5F0E /* NewMessageCell.swift */,
				D153B2821EDC50F200C106DA /* MessagesTable.swift */,
				176A44201EFBCA0600CCF887 /* ChatLogController.swift */,
				176A44221EFBCCFF00CCF887 /* ChatMessageCell.swift */,
				D153B2841EDC514E00C106DA /* MessageCell.swift */,
				D1A922181EFB53250052467C /* Extensions.swift */,
				D1FF3AC61EE3B1D000C47640 /* Invitations.swift */,
				D1FF3AC91EE3B6AC00C47640 /* InvitationCell.swift */,
				D1FF3ACD1EE3BBB700C47640 /* RequestCell.swift */,
				D1C978DC1F0C803900D043D3 /* AttendeesTable.swift */,
				D1C978DE1F0C816F00D043D3 /* AttendeesCell.swift */,
			);
			name = Box;
			sourceTree = "<group>";
		};
/* End PBXGroup section */

/* Begin PBXNativeTarget section */
		D1A1FD131ED3C90300C8BF4E /* Linq */ = {
			isa = PBXNativeTarget;
			buildConfigurationList = D1A1FD3E1ED3C90400C8BF4E /* Build configuration list for PBXNativeTarget "Linq" */;
			buildPhases = (
				6B14B204C933C337BC51C9A4 /* [CP] Check Pods Manifest.lock */,
				D1A1FD101ED3C90300C8BF4E /* Sources */,
				D1A1FD111ED3C90300C8BF4E /* Frameworks */,
				D1A1FD121ED3C90300C8BF4E /* Resources */,
				B093CFB6A4A200B3EE132361 /* [CP] Embed Pods Frameworks */,
				F7D4BC8BFE401D6450A91992 /* [CP] Copy Pods Resources */,
			);
			buildRules = (
			);
			dependencies = (
			);
			name = Linq;
			productName = Linq;
			productReference = D1A1FD141ED3C90300C8BF4E /* Linq.app */;
			productType = "com.apple.product-type.application";
		};
		D1A1FD291ED3C90300C8BF4E /* LinqTests */ = {
			isa = PBXNativeTarget;
			buildConfigurationList = D1A1FD411ED3C90400C8BF4E /* Build configuration list for PBXNativeTarget "LinqTests" */;
			buildPhases = (
				1CB0917F7FC1ED4C41149F89 /* [CP] Check Pods Manifest.lock */,
				D1A1FD261ED3C90300C8BF4E /* Sources */,
				D1A1FD271ED3C90300C8BF4E /* Frameworks */,
				D1A1FD281ED3C90300C8BF4E /* Resources */,
				84969DC8A0098C16BDE3E473 /* [CP] Embed Pods Frameworks */,
				175EE13C70D511C6166AF12D /* [CP] Copy Pods Resources */,
			);
			buildRules = (
			);
			dependencies = (
				D1A1FD2C1ED3C90300C8BF4E /* PBXTargetDependency */,
			);
			name = LinqTests;
			productName = LinqTests;
			productReference = D1A1FD2A1ED3C90300C8BF4E /* LinqTests.xctest */;
			productType = "com.apple.product-type.bundle.unit-test";
		};
		D1A1FD341ED3C90400C8BF4E /* LinqUITests */ = {
			isa = PBXNativeTarget;
			buildConfigurationList = D1A1FD441ED3C90400C8BF4E /* Build configuration list for PBXNativeTarget "LinqUITests" */;
			buildPhases = (
				3FEC3507BDBA1F55BC4A65BA /* [CP] Check Pods Manifest.lock */,
				D1A1FD311ED3C90400C8BF4E /* Sources */,
				D1A1FD321ED3C90400C8BF4E /* Frameworks */,
				D1A1FD331ED3C90400C8BF4E /* Resources */,
				182261E4E5A97CBA8C14D41C /* [CP] Embed Pods Frameworks */,
				E8573DF8776ADFBC57092CBB /* [CP] Copy Pods Resources */,
			);
			buildRules = (
			);
			dependencies = (
				D1A1FD371ED3C90400C8BF4E /* PBXTargetDependency */,
			);
			name = LinqUITests;
			productName = LinqUITests;
			productReference = D1A1FD351ED3C90400C8BF4E /* LinqUITests.xctest */;
			productType = "com.apple.product-type.bundle.ui-testing";
		};
/* End PBXNativeTarget section */

/* Begin PBXProject section */
		D1A1FD0C1ED3C90300C8BF4E /* Project object */ = {
			isa = PBXProject;
			attributes = {
				LastSwiftUpdateCheck = 0830;
				LastUpgradeCheck = 0910;
				ORGANIZATIONNAME = QuintonAskew;
				TargetAttributes = {
					D1A1FD131ED3C90300C8BF4E = {
						CreatedOnToolsVersion = 8.3.2;
						DevelopmentTeam = 8MG83XTPNG;
						LastSwiftMigration = 0830;
						ProvisioningStyle = Automatic;
						SystemCapabilities = {
							com.apple.BackgroundModes = {
								enabled = 1;
							};
							com.apple.Keychain = {
								enabled = 1;
							};
							com.apple.Maps.iOS = {
								enabled = 0;
							};
							com.apple.Push = {
								enabled = 1;
							};
						};
					};
					D1A1FD291ED3C90300C8BF4E = {
						CreatedOnToolsVersion = 8.3.2;
						DevelopmentTeam = XJG2CX6SLB;
						LastSwiftMigration = 0830;
						ProvisioningStyle = Automatic;
						TestTargetID = D1A1FD131ED3C90300C8BF4E;
					};
					D1A1FD341ED3C90400C8BF4E = {
						CreatedOnToolsVersion = 8.3.2;
						DevelopmentTeam = XJG2CX6SLB;
						LastSwiftMigration = 0830;
						ProvisioningStyle = Automatic;
						TestTargetID = D1A1FD131ED3C90300C8BF4E;
					};
				};
			};
			buildConfigurationList = D1A1FD0F1ED3C90300C8BF4E /* Build configuration list for PBXProject "Linq" */;
			compatibilityVersion = "Xcode 3.2";
			developmentRegion = English;
			hasScannedForEncodings = 0;
			knownRegions = (
				en,
				Base,
				ar,
				"zh-Hans",
				"zh-Hant",
				cs,
				da,
				nl,
				fi,
				fr,
				de,
				el,
				he,
				id,
				it,
				ja,
				ko,
				pl,
				"pt-BR",
				ru,
				es,
				sv,
				tr,
				uk,
				vi,
			);
			mainGroup = D1A1FD0B1ED3C90300C8BF4E;
			productRefGroup = D1A1FD151ED3C90300C8BF4E /* Products */;
			projectDirPath = "";
			projectRoot = "";
			targets = (
				D1A1FD131ED3C90300C8BF4E /* Linq */,
				D1A1FD291ED3C90300C8BF4E /* LinqTests */,
				D1A1FD341ED3C90400C8BF4E /* LinqUITests */,
			);
		};
/* End PBXProject section */

/* Begin PBXResourcesBuildPhase section */
		D1A1FD121ED3C90300C8BF4E /* Resources */ = {
			isa = PBXResourcesBuildPhase;
			buildActionMask = 2147483647;
			files = (
				D1A1FD241ED3C90300C8BF4E /* LaunchScreen.storyboard in Resources */,
				D17A33501FDCCCEA00096600 /* Localizable.strings in Resources */,
				D1A1FD211ED3C90300C8BF4E /* Assets.xcassets in Resources */,
				BA0B116F1F77FEDE0009B77D /* iosTone.caf in Resources */,
				D1A1FD1F1ED3C90300C8BF4E /* Main.storyboard in Resources */,
				D11AFBD11EEDBE5F002CF979 /* GoogleService-Info.plist in Resources */,
			);
			runOnlyForDeploymentPostprocessing = 0;
		};
		D1A1FD281ED3C90300C8BF4E /* Resources */ = {
			isa = PBXResourcesBuildPhase;
			buildActionMask = 2147483647;
			files = (
			);
			runOnlyForDeploymentPostprocessing = 0;
		};
		D1A1FD331ED3C90400C8BF4E /* Resources */ = {
			isa = PBXResourcesBuildPhase;
			buildActionMask = 2147483647;
			files = (
			);
			runOnlyForDeploymentPostprocessing = 0;
		};
/* End PBXResourcesBuildPhase section */

/* Begin PBXShellScriptBuildPhase section */
		175EE13C70D511C6166AF12D /* [CP] Copy Pods Resources */ = {
			isa = PBXShellScriptBuildPhase;
			buildActionMask = 2147483647;
			files = (
			);
			inputPaths = (
			);
			name = "[CP] Copy Pods Resources";
			outputPaths = (
			);
			runOnlyForDeploymentPostprocessing = 0;
			shellPath = /bin/sh;
			shellScript = "\"${SRCROOT}/Pods/Target Support Files/Pods-LinqTests/Pods-LinqTests-resources.sh\"\n";
			showEnvVarsInLog = 0;
		};
		182261E4E5A97CBA8C14D41C /* [CP] Embed Pods Frameworks */ = {
			isa = PBXShellScriptBuildPhase;
			buildActionMask = 2147483647;
			files = (
			);
			inputPaths = (
			);
			name = "[CP] Embed Pods Frameworks";
			outputPaths = (
			);
			runOnlyForDeploymentPostprocessing = 0;
			shellPath = /bin/sh;
			shellScript = "\"${SRCROOT}/Pods/Target Support Files/Pods-LinqUITests/Pods-LinqUITests-frameworks.sh\"\n";
			showEnvVarsInLog = 0;
		};
		1CB0917F7FC1ED4C41149F89 /* [CP] Check Pods Manifest.lock */ = {
			isa = PBXShellScriptBuildPhase;
			buildActionMask = 2147483647;
			files = (
			);
			inputPaths = (
				"${PODS_PODFILE_DIR_PATH}/Podfile.lock",
				"${PODS_ROOT}/Manifest.lock",
			);
			name = "[CP] Check Pods Manifest.lock";
			outputPaths = (
				"$(DERIVED_FILE_DIR)/Pods-LinqTests-checkManifestLockResult.txt",
			);
			runOnlyForDeploymentPostprocessing = 0;
			shellPath = /bin/sh;
			shellScript = "diff \"${PODS_PODFILE_DIR_PATH}/Podfile.lock\" \"${PODS_ROOT}/Manifest.lock\" > /dev/null\nif [ $? != 0 ] ; then\n    # print error to STDERR\n    echo \"error: The sandbox is not in sync with the Podfile.lock. Run 'pod install' or update your CocoaPods installation.\" >&2\n    exit 1\nfi\n# This output is used by Xcode 'outputs' to avoid re-running this script phase.\necho \"SUCCESS\" > \"${SCRIPT_OUTPUT_FILE_0}\"\n";
			showEnvVarsInLog = 0;
		};
		3FEC3507BDBA1F55BC4A65BA /* [CP] Check Pods Manifest.lock */ = {
			isa = PBXShellScriptBuildPhase;
			buildActionMask = 2147483647;
			files = (
			);
			inputPaths = (
				"${PODS_PODFILE_DIR_PATH}/Podfile.lock",
				"${PODS_ROOT}/Manifest.lock",
			);
			name = "[CP] Check Pods Manifest.lock";
			outputPaths = (
				"$(DERIVED_FILE_DIR)/Pods-LinqUITests-checkManifestLockResult.txt",
			);
			runOnlyForDeploymentPostprocessing = 0;
			shellPath = /bin/sh;
			shellScript = "diff \"${PODS_PODFILE_DIR_PATH}/Podfile.lock\" \"${PODS_ROOT}/Manifest.lock\" > /dev/null\nif [ $? != 0 ] ; then\n    # print error to STDERR\n    echo \"error: The sandbox is not in sync with the Podfile.lock. Run 'pod install' or update your CocoaPods installation.\" >&2\n    exit 1\nfi\n# This output is used by Xcode 'outputs' to avoid re-running this script phase.\necho \"SUCCESS\" > \"${SCRIPT_OUTPUT_FILE_0}\"\n";
			showEnvVarsInLog = 0;
		};
		6B14B204C933C337BC51C9A4 /* [CP] Check Pods Manifest.lock */ = {
			isa = PBXShellScriptBuildPhase;
			buildActionMask = 2147483647;
			files = (
			);
			inputPaths = (
				"${PODS_PODFILE_DIR_PATH}/Podfile.lock",
				"${PODS_ROOT}/Manifest.lock",
			);
			name = "[CP] Check Pods Manifest.lock";
			outputPaths = (
				"$(DERIVED_FILE_DIR)/Pods-Linq-checkManifestLockResult.txt",
			);
			runOnlyForDeploymentPostprocessing = 0;
			shellPath = /bin/sh;
			shellScript = "diff \"${PODS_PODFILE_DIR_PATH}/Podfile.lock\" \"${PODS_ROOT}/Manifest.lock\" > /dev/null\nif [ $? != 0 ] ; then\n    # print error to STDERR\n    echo \"error: The sandbox is not in sync with the Podfile.lock. Run 'pod install' or update your CocoaPods installation.\" >&2\n    exit 1\nfi\n# This output is used by Xcode 'outputs' to avoid re-running this script phase.\necho \"SUCCESS\" > \"${SCRIPT_OUTPUT_FILE_0}\"\n";
			showEnvVarsInLog = 0;
		};
		84969DC8A0098C16BDE3E473 /* [CP] Embed Pods Frameworks */ = {
			isa = PBXShellScriptBuildPhase;
			buildActionMask = 2147483647;
			files = (
			);
			inputPaths = (
			);
			name = "[CP] Embed Pods Frameworks";
			outputPaths = (
			);
			runOnlyForDeploymentPostprocessing = 0;
			shellPath = /bin/sh;
			shellScript = "\"${SRCROOT}/Pods/Target Support Files/Pods-LinqTests/Pods-LinqTests-frameworks.sh\"\n";
			showEnvVarsInLog = 0;
		};
		B093CFB6A4A200B3EE132361 /* [CP] Embed Pods Frameworks */ = {
			isa = PBXShellScriptBuildPhase;
			buildActionMask = 2147483647;
			files = (
			);
			inputPaths = (
				"${SRCROOT}/Pods/Target Support Files/Pods-Linq/Pods-Linq-frameworks.sh",
				"${BUILT_PRODUCTS_DIR}/AFNetworking/AFNetworking.framework",
				"${BUILT_PRODUCTS_DIR}/Bolts/Bolts.framework",
				"${BUILT_PRODUCTS_DIR}/FBSDKCoreKit/FBSDKCoreKit.framework",
				"${BUILT_PRODUCTS_DIR}/FBSDKLoginKit/FBSDKLoginKit.framework",
				"${BUILT_PRODUCTS_DIR}/FBSDKShareKit/FBSDKShareKit.framework",
				"${BUILT_PRODUCTS_DIR}/GTMOAuth2/GTMOAuth2.framework",
				"${BUILT_PRODUCTS_DIR}/GTMSessionFetcher/GTMSessionFetcher.framework",
				"${BUILT_PRODUCTS_DIR}/GoogleToolboxForMac/GoogleToolboxForMac.framework",
				"${BUILT_PRODUCTS_DIR}/IQKeyboardManagerSwift/IQKeyboardManagerSwift.framework",
				"${BUILT_PRODUCTS_DIR}/InstagramSimpleOAuth/InstagramSimpleOAuth.framework",
				"${BUILT_PRODUCTS_DIR}/JPSThumbnailAnnotation/JPSThumbnailAnnotation.framework",
				"${BUILT_PRODUCTS_DIR}/JSQMessagesViewController/JSQMessagesViewController.framework",
				"${BUILT_PRODUCTS_DIR}/JSQSystemSoundPlayer/JSQSystemSoundPlayer.framework",
				"${BUILT_PRODUCTS_DIR}/KVNProgress/KVNProgress.framework",
				"${BUILT_PRODUCTS_DIR}/MBProgressHUD/MBProgressHUD.framework",
				"${BUILT_PRODUCTS_DIR}/Protobuf/Protobuf.framework",
				"${BUILT_PRODUCTS_DIR}/QRCode/QRCode.framework",
				"${BUILT_PRODUCTS_DIR}/SDWebImage/SDWebImage.framework",
				"${BUILT_PRODUCTS_DIR}/SimpleOAuth2/SimpleOAuth2.framework",
				"${BUILT_PRODUCTS_DIR}/SwiftQRCode/SwiftQRCode.framework",
				"${BUILT_PRODUCTS_DIR}/SwiftSpinner/SwiftSpinner.framework",
				"${BUILT_PRODUCTS_DIR}/leveldb-library/leveldb.framework",
				"${BUILT_PRODUCTS_DIR}/nanopb/nanopb.framework",
			);
			name = "[CP] Embed Pods Frameworks";
			outputPaths = (
				"${TARGET_BUILD_DIR}/${FRAMEWORKS_FOLDER_PATH}/AFNetworking.framework",
				"${TARGET_BUILD_DIR}/${FRAMEWORKS_FOLDER_PATH}/Bolts.framework",
				"${TARGET_BUILD_DIR}/${FRAMEWORKS_FOLDER_PATH}/FBSDKCoreKit.framework",
				"${TARGET_BUILD_DIR}/${FRAMEWORKS_FOLDER_PATH}/FBSDKLoginKit.framework",
				"${TARGET_BUILD_DIR}/${FRAMEWORKS_FOLDER_PATH}/FBSDKShareKit.framework",
				"${TARGET_BUILD_DIR}/${FRAMEWORKS_FOLDER_PATH}/GTMOAuth2.framework",
				"${TARGET_BUILD_DIR}/${FRAMEWORKS_FOLDER_PATH}/GTMSessionFetcher.framework",
				"${TARGET_BUILD_DIR}/${FRAMEWORKS_FOLDER_PATH}/GoogleToolboxForMac.framework",
				"${TARGET_BUILD_DIR}/${FRAMEWORKS_FOLDER_PATH}/IQKeyboardManagerSwift.framework",
				"${TARGET_BUILD_DIR}/${FRAMEWORKS_FOLDER_PATH}/InstagramSimpleOAuth.framework",
				"${TARGET_BUILD_DIR}/${FRAMEWORKS_FOLDER_PATH}/JPSThumbnailAnnotation.framework",
				"${TARGET_BUILD_DIR}/${FRAMEWORKS_FOLDER_PATH}/JSQMessagesViewController.framework",
				"${TARGET_BUILD_DIR}/${FRAMEWORKS_FOLDER_PATH}/JSQSystemSoundPlayer.framework",
				"${TARGET_BUILD_DIR}/${FRAMEWORKS_FOLDER_PATH}/KVNProgress.framework",
				"${TARGET_BUILD_DIR}/${FRAMEWORKS_FOLDER_PATH}/MBProgressHUD.framework",
				"${TARGET_BUILD_DIR}/${FRAMEWORKS_FOLDER_PATH}/Protobuf.framework",
				"${TARGET_BUILD_DIR}/${FRAMEWORKS_FOLDER_PATH}/QRCode.framework",
				"${TARGET_BUILD_DIR}/${FRAMEWORKS_FOLDER_PATH}/SDWebImage.framework",
				"${TARGET_BUILD_DIR}/${FRAMEWORKS_FOLDER_PATH}/SimpleOAuth2.framework",
				"${TARGET_BUILD_DIR}/${FRAMEWORKS_FOLDER_PATH}/SwiftQRCode.framework",
				"${TARGET_BUILD_DIR}/${FRAMEWORKS_FOLDER_PATH}/SwiftSpinner.framework",
				"${TARGET_BUILD_DIR}/${FRAMEWORKS_FOLDER_PATH}/leveldb.framework",
				"${TARGET_BUILD_DIR}/${FRAMEWORKS_FOLDER_PATH}/nanopb.framework",
			);
			runOnlyForDeploymentPostprocessing = 0;
			shellPath = /bin/sh;
			shellScript = "\"${SRCROOT}/Pods/Target Support Files/Pods-Linq/Pods-Linq-frameworks.sh\"\n";
			showEnvVarsInLog = 0;
		};
		E8573DF8776ADFBC57092CBB /* [CP] Copy Pods Resources */ = {
			isa = PBXShellScriptBuildPhase;
			buildActionMask = 2147483647;
			files = (
			);
			inputPaths = (
			);
			name = "[CP] Copy Pods Resources";
			outputPaths = (
			);
			runOnlyForDeploymentPostprocessing = 0;
			shellPath = /bin/sh;
			shellScript = "\"${SRCROOT}/Pods/Target Support Files/Pods-LinqUITests/Pods-LinqUITests-resources.sh\"\n";
			showEnvVarsInLog = 0;
		};
		F7D4BC8BFE401D6450A91992 /* [CP] Copy Pods Resources */ = {
			isa = PBXShellScriptBuildPhase;
			buildActionMask = 2147483647;
			files = (
			);
			inputPaths = (
				"${SRCROOT}/Pods/Target Support Files/Pods-Linq/Pods-Linq-resources.sh",
				"${PODS_ROOT}/GoogleSignIn/Resources/GoogleSignIn.bundle",
				"${PODS_ROOT}/TwitterKit/iOS/TwitterKit.framework/TwitterKitResources.bundle",
				"${PODS_ROOT}/TwitterKit/iOS/TwitterKit.framework/TwitterShareExtensionUIResources.bundle",
			);
			name = "[CP] Copy Pods Resources";
			outputPaths = (
				"${TARGET_BUILD_DIR}/${UNLOCALIZED_RESOURCES_FOLDER_PATH}/GoogleSignIn.bundle",
				"${TARGET_BUILD_DIR}/${UNLOCALIZED_RESOURCES_FOLDER_PATH}/TwitterKitResources.bundle",
				"${TARGET_BUILD_DIR}/${UNLOCALIZED_RESOURCES_FOLDER_PATH}/TwitterShareExtensionUIResources.bundle",
			);
			runOnlyForDeploymentPostprocessing = 0;
			shellPath = /bin/sh;
			shellScript = "\"${SRCROOT}/Pods/Target Support Files/Pods-Linq/Pods-Linq-resources.sh\"\n";
			showEnvVarsInLog = 0;
		};
/* End PBXShellScriptBuildPhase section */

/* Begin PBXSourcesBuildPhase section */
		D1A1FD101ED3C90300C8BF4E /* Sources */ = {
			isa = PBXSourcesBuildPhase;
			buildActionMask = 2147483647;
			files = (
				D1FF3ACA1EE3B6AC00C47640 /* InvitationCell.swift in Sources */,
				D187EDE41EF737810090E8D7 /* UpdateBio.swift in Sources */,
				D1CED56F1F264960003F4ECC /* DesignableSlider.swift in Sources */,
				D153B27F1EDC493400C106DA /* NotificationBox.swift in Sources */,
				D13720011F06DFB000C9E298 /* OtherUserJuggCell.swift in Sources */,
				D178D8B11F5D0CCA0030D6F8 /* searchJuggers.swift in Sources */,
				D1371FFD1F06DC4E00C9E298 /* OtherUserBio.swift in Sources */,
				D1A1FD4E1ED4B9EF00C8BF4E /* Settings.swift in Sources */,
				176A44231EFBCCFF00CCF887 /* ChatMessageCell.swift in Sources */,
				5BE19B0A1FF5F8FA009DA206 /* ScanQRViewController.swift in Sources */,
				D1A1FD5E1ED606B000C8BF4E /* CellForDiscover.swift in Sources */,
				D1177BE71EE5F24F005C5B85 /* ForgotPassword.swift in Sources */,
				D137599E1FF45AC700C762BD /* DiscoverTable.swift in Sources */,
				D1177BE31EE46FB2005C5B85 /* Request.swift in Sources */,
				D1AE91AB1EF8093D0057BD09 /* Comment.swift in Sources */,
				D1494D6D1F1C1E94004A5F0E /* NewMessageCell.swift in Sources */,
				D130D0601F098A210085ED9A /* MyJuggTable.swift in Sources */,
				D1A1FD1C1ED3C90300C8BF4E /* MyProfile.swift in Sources */,
				D12F4AFA1EFA1DE100581BBC /* FollowingTable.swift in Sources */,
				D1A1FD501ED5154A00C8BF4E /* NewMove.swift in Sources */,
				D114F19F1EF728AA00DE6AD2 /* UpdatePassword.swift in Sources */,
				178741981EF1453700FB1B01 /* Globals.swift in Sources */,
				D130D0631F098C920085ED9A /* MyJuggCell.swift in Sources */,
				D1FF3ACE1EE3BBB700C47640 /* RequestCell.swift in Sources */,
				D153B28C1EDCEEFE00C106DA /* LocationSearchTable.swift in Sources */,
				D13696B51EFA116A004D87FF /* Relations.swift in Sources */,
				D155D8A01EE2003B0040C153 /* UpdateName.swift in Sources */,
				D1A1FD651ED651F800C8BF4E /* Post.swift in Sources */,
				D1CED5711F265715003F4ECC /* UpdatePrivacy.swift in Sources */,
				D1AE91AD1EF80F250057BD09 /* Comments.swift in Sources */,
				D1A9221F1F005F890052467C /* FollowersCell.swift in Sources */,
				D1A1FD671ED929E500C8BF4E /* MovesTable.swift in Sources */,
				D1177BDF1EE45B7B005C5B85 /* ArchiveCell.swift in Sources */,
				BAE771AB1F4EF01400BFE796 /* FriendRequest.swift in Sources */,
				D1A9221D1F005F6E0052467C /* FollowingCell.swift in Sources */,
				D1BED2871F4DBD7B00FFBDAB /* BlockedCell.swift in Sources */,
				176A44211EFBCA0600CCF887 /* ChatLogController.swift in Sources */,
				D16B9C3D1F69FDB3002B9A3E /* PageViewController.swift in Sources */,
				D1AE91AF1EF835B30057BD09 /* CommentsCell.swift in Sources */,
				D1CED5751F26A0D5003F4ECC /* FriendRequestCell.swift in Sources */,
				BA4B97B21F3B5EB80013868F /* SearchViewController.swift in Sources */,
				D1C978DD1F0C803A00D043D3 /* AttendeesTable.swift in Sources */,
				D1A1FD5C1ED5F5E400C8BF4E /* World.swift in Sources */,
				D153B28A1EDCE29200C106DA /* Map.swift in Sources */,
				D153B2851EDC514E00C106DA /* MessageCell.swift in Sources */,
				178741A61EF17DAB00FB1B01 /* Message.swift in Sources */,
				D1BED2851F4DBCEC00FFBDAB /* BlockedTable.swift in Sources */,
				D13759A01FF45B0B00C762BD /* MyBio.swift in Sources */,
				D1371FFF1F06DF4F00C9E298 /* OtherUserJuggTable.swift in Sources */,
				D1A1FD181ED3C90300C8BF4E /* AppDelegate.swift in Sources */,
				D1A1FD691ED92D6700C8BF4E /* MovesTableViewCell.swift in Sources */,
				D153B2831EDC50F200C106DA /* MessagesTable.swift in Sources */,
				D1FA12A31EF72147005E7715 /* UpdateEmail.swift in Sources */,
				D16B9C3B1F69F44D002B9A3E /* WalkThrough.swift in Sources */,
				D111B0BB1F26A7340097D821 /* FriendRequestTable.swift in Sources */,
				D187EDE61EF73CBE0090E8D7 /* UpdateWebsite.swift in Sources */,
				D10420951EDBAFDF00008458 /* Description.swift in Sources */,
				D10420971EDBB2FA00008458 /* Desc.swift in Sources */,
				D1C978DF1F0C816F00D043D3 /* AttendeesCell.swift in Sources */,
				D1494D6B1F1C1344004A5F0E /* NewMessage.swift in Sources */,
				D155D89E1EE1F3110040C153 /* ProfileImage.swift in Sources */,
				D1A1FD4A1ED460A700C8BF4E /* Login.swift in Sources */,
				D12F4AFD1EFA1EAB00581BBC /* FollowersTable.swift in Sources */,
				D17A334D1FDCBAF800096600 /* SelectLanguageController.swift in Sources */,
				D1444CB91EE2E902004D6D11 /* OtherUser.swift in Sources */,
				D1371FFB1F06DB3900C9E298 /* OtherUserPageView.swift in Sources */,
				D1177BE51EE4B429005C5B85 /* ArchiveDescription.swift in Sources */,
				D1FF3AC71EE3B1D000C47640 /* Invitations.swift in Sources */,
				D15733B11F0933E300617503 /* MyPageView.swift in Sources */,
				D1FF3ACC1EE3B70200C47640 /* Invitation.swift in Sources */,
				1717C81F1F066EA100569455 /* CommentObj.swift in Sources */,
				D1A922191EFB53270052467C /* Extensions.swift in Sources */,
				D1A1FD4C1ED460D600C8BF4E /* SignUp.swift in Sources */,
				D1A1FD5A1ED5DA5400C8BF4E /* User.swift in Sources */,
				D1177BDD1EE45B5F005C5B85 /* ArchiveTable.swift in Sources */,
				D19506331F2638E60010FDCB /* UpdateDiscoverDistance.swift in Sources */,
				D14A2D4A1F451E3B00ACA81C /* InstagramLoginVC.swift in Sources */,
			);
			runOnlyForDeploymentPostprocessing = 0;
		};
		D1A1FD261ED3C90300C8BF4E /* Sources */ = {
			isa = PBXSourcesBuildPhase;
			buildActionMask = 2147483647;
			files = (
				D1A1FD2F1ED3C90300C8BF4E /* LinqTests.swift in Sources */,
			);
			runOnlyForDeploymentPostprocessing = 0;
		};
		D1A1FD311ED3C90400C8BF4E /* Sources */ = {
			isa = PBXSourcesBuildPhase;
			buildActionMask = 2147483647;
			files = (
				D1A1FD3A1ED3C90400C8BF4E /* LinqUITests.swift in Sources */,
			);
			runOnlyForDeploymentPostprocessing = 0;
		};
/* End PBXSourcesBuildPhase section */

/* Begin PBXTargetDependency section */
		D1A1FD2C1ED3C90300C8BF4E /* PBXTargetDependency */ = {
			isa = PBXTargetDependency;
			target = D1A1FD131ED3C90300C8BF4E /* Linq */;
			targetProxy = D1A1FD2B1ED3C90300C8BF4E /* PBXContainerItemProxy */;
		};
		D1A1FD371ED3C90400C8BF4E /* PBXTargetDependency */ = {
			isa = PBXTargetDependency;
			target = D1A1FD131ED3C90300C8BF4E /* Linq */;
			targetProxy = D1A1FD361ED3C90400C8BF4E /* PBXContainerItemProxy */;
		};
/* End PBXTargetDependency section */

/* Begin PBXVariantGroup section */
		D17A33521FDCCCEA00096600 /* Localizable.strings */ = {
			isa = PBXVariantGroup;
			children = (
				D17A33511FDCCCEA00096600 /* en */,
				D17A33551FDCCD1300096600 /* ar */,
				D17A33581FDCCD2300096600 /* zh-Hans */,
				D17A335B1FDCCD3200096600 /* zh-Hant */,
				D17A335E1FDCCD3D00096600 /* cs */,
				D17A33611FDCCD4C00096600 /* da */,
				D17A33641FDCCD5A00096600 /* nl */,
				D17A33671FDCCD6700096600 /* fi */,
				D17A336A1FDCCD7700096600 /* fr */,
				D17A336D1FDCCD8200096600 /* de */,
				D17A33701FDCCD8D00096600 /* el */,
				D17A33731FDCCDA800096600 /* he */,
				D17A33761FDCCDB300096600 /* id */,
				D17A33791FDCCDC500096600 /* it */,
				D17A337C1FDCCDCF00096600 /* ja */,
				D17A337F1FDCCDE100096600 /* ko */,
				D17A33821FDCCDED00096600 /* pl */,
				D17A33851FDCCE0B00096600 /* pt-BR */,
				D17A33881FDCCE2000096600 /* ru */,
				D17A338B1FDCCE2A00096600 /* es */,
				D17A338E1FDCCE3300096600 /* sv */,
				D17A33911FDCCE3D00096600 /* tr */,
				D17A33941FDCCE4A00096600 /* uk */,
				D17A33971FDCCE5900096600 /* vi */,
			);
			name = Localizable.strings;
			sourceTree = "<group>";
		};
		D1A1FD1D1ED3C90300C8BF4E /* Main.storyboard */ = {
			isa = PBXVariantGroup;
			children = (
				D1A1FD1E1ED3C90300C8BF4E /* Base */,
				D17A33531FDCCD1000096600 /* ar */,
				D17A33561FDCCD1F00096600 /* zh-Hans */,
				D17A33591FDCCD2E00096600 /* zh-Hant */,
				D17A335C1FDCCD3900096600 /* cs */,
				D17A335F1FDCCD4900096600 /* da */,
				D17A33621FDCCD5600096600 /* nl */,
				D17A33651FDCCD6300096600 /* fi */,
				D17A33681FDCCD7200096600 /* fr */,
				D17A336B1FDCCD7F00096600 /* de */,
				D17A336E1FDCCD8900096600 /* el */,
				D17A33711FDCCDA400096600 /* he */,
				D17A33741FDCCDAF00096600 /* id */,
				D17A33771FDCCDC100096600 /* it */,
				D17A337A1FDCCDCC00096600 /* ja */,
				D17A337D1FDCCDDD00096600 /* ko */,
				D17A33801FDCCDE800096600 /* pl */,
				D17A33831FDCCE0800096600 /* pt-BR */,
				D17A33861FDCCE1C00096600 /* ru */,
				D17A33891FDCCE2700096600 /* es */,
				D17A338C1FDCCE2F00096600 /* sv */,
				D17A338F1FDCCE3A00096600 /* tr */,
				D17A33921FDCCE4600096600 /* uk */,
				D17A33951FDCCE5400096600 /* vi */,
			);
			name = Main.storyboard;
			sourceTree = "<group>";
		};
		D1A1FD221ED3C90300C8BF4E /* LaunchScreen.storyboard */ = {
			isa = PBXVariantGroup;
			children = (
				D1A1FD231ED3C90300C8BF4E /* Base */,
				D17A33541FDCCD1200096600 /* ar */,
				D17A33571FDCCD2100096600 /* zh-Hans */,
				D17A335A1FDCCD3000096600 /* zh-Hant */,
				D17A335D1FDCCD3B00096600 /* cs */,
				D17A33601FDCCD4B00096600 /* da */,
				D17A33631FDCCD5800096600 /* nl */,
				D17A33661FDCCD6500096600 /* fi */,
				D17A33691FDCCD7400096600 /* fr */,
				D17A336C1FDCCD8100096600 /* de */,
				D17A336F1FDCCD8B00096600 /* el */,
				D17A33721FDCCDA600096600 /* he */,
				D17A33751FDCCDB100096600 /* id */,
				D17A33781FDCCDC300096600 /* it */,
				D17A337B1FDCCDCD00096600 /* ja */,
				D17A337E1FDCCDDF00096600 /* ko */,
				D17A33811FDCCDEB00096600 /* pl */,
				D17A33841FDCCE0A00096600 /* pt-BR */,
				D17A33871FDCCE1E00096600 /* ru */,
				D17A338A1FDCCE2800096600 /* es */,
				D17A338D1FDCCE3100096600 /* sv */,
				D17A33901FDCCE3B00096600 /* tr */,
				D17A33931FDCCE4800096600 /* uk */,
				D17A33961FDCCE5600096600 /* vi */,
			);
			name = LaunchScreen.storyboard;
			sourceTree = "<group>";
		};
/* End PBXVariantGroup section */

/* Begin XCBuildConfiguration section */
		D1A1FD3C1ED3C90400C8BF4E /* Debug */ = {
			isa = XCBuildConfiguration;
			buildSettings = {
				ALWAYS_SEARCH_USER_PATHS = NO;
				CLANG_ANALYZER_LOCALIZABILITY_NONLOCALIZED = YES;
				CLANG_ANALYZER_NONNULL = YES;
				CLANG_ANALYZER_NUMBER_OBJECT_CONVERSION = YES_AGGRESSIVE;
				CLANG_CXX_LANGUAGE_STANDARD = "gnu++0x";
				CLANG_CXX_LIBRARY = "libc++";
				CLANG_ENABLE_MODULES = YES;
				CLANG_ENABLE_OBJC_ARC = YES;
				CLANG_WARN_BLOCK_CAPTURE_AUTORELEASING = YES;
				CLANG_WARN_BOOL_CONVERSION = YES;
				CLANG_WARN_COMMA = YES;
				CLANG_WARN_CONSTANT_CONVERSION = YES;
				CLANG_WARN_DIRECT_OBJC_ISA_USAGE = YES_ERROR;
				CLANG_WARN_DOCUMENTATION_COMMENTS = YES;
				CLANG_WARN_EMPTY_BODY = YES;
				CLANG_WARN_ENUM_CONVERSION = YES;
				CLANG_WARN_INFINITE_RECURSION = YES;
				CLANG_WARN_INT_CONVERSION = YES;
				CLANG_WARN_NON_LITERAL_NULL_CONVERSION = YES;
				CLANG_WARN_OBJC_LITERAL_CONVERSION = YES;
				CLANG_WARN_OBJC_ROOT_CLASS = YES_ERROR;
				CLANG_WARN_RANGE_LOOP_ANALYSIS = YES;
				CLANG_WARN_STRICT_PROTOTYPES = YES;
				CLANG_WARN_SUSPICIOUS_MOVE = YES;
				CLANG_WARN_UNREACHABLE_CODE = YES;
				CLANG_WARN__DUPLICATE_METHOD_MATCH = YES;
				"CODE_SIGN_IDENTITY[sdk=iphoneos*]" = "iPhone Developer";
				COPY_PHASE_STRIP = NO;
				DEBUG_INFORMATION_FORMAT = dwarf;
				ENABLE_STRICT_OBJC_MSGSEND = YES;
				ENABLE_TESTABILITY = YES;
				GCC_C_LANGUAGE_STANDARD = gnu99;
				GCC_DYNAMIC_NO_PIC = NO;
				GCC_NO_COMMON_BLOCKS = YES;
				GCC_OPTIMIZATION_LEVEL = 0;
				GCC_PREPROCESSOR_DEFINITIONS = (
					"DEBUG=1",
					"$(inherited)",
				);
				GCC_WARN_64_TO_32_BIT_CONVERSION = YES;
				GCC_WARN_ABOUT_RETURN_TYPE = YES_ERROR;
				GCC_WARN_UNDECLARED_SELECTOR = YES;
				GCC_WARN_UNINITIALIZED_AUTOS = YES_AGGRESSIVE;
				GCC_WARN_UNUSED_FUNCTION = YES;
				GCC_WARN_UNUSED_VARIABLE = YES;
				IPHONEOS_DEPLOYMENT_TARGET = 10.0;
				MTL_ENABLE_DEBUG_INFO = YES;
				ONLY_ACTIVE_ARCH = YES;
				SDKROOT = iphoneos;
				SWIFT_ACTIVE_COMPILATION_CONDITIONS = DEBUG;
				SWIFT_OPTIMIZATION_LEVEL = "-Onone";
				TARGETED_DEVICE_FAMILY = "1,2";
			};
			name = Debug;
		};
		D1A1FD3D1ED3C90400C8BF4E /* Release */ = {
			isa = XCBuildConfiguration;
			buildSettings = {
				ALWAYS_SEARCH_USER_PATHS = NO;
				CLANG_ANALYZER_LOCALIZABILITY_NONLOCALIZED = YES;
				CLANG_ANALYZER_NONNULL = YES;
				CLANG_ANALYZER_NUMBER_OBJECT_CONVERSION = YES_AGGRESSIVE;
				CLANG_CXX_LANGUAGE_STANDARD = "gnu++0x";
				CLANG_CXX_LIBRARY = "libc++";
				CLANG_ENABLE_MODULES = YES;
				CLANG_ENABLE_OBJC_ARC = YES;
				CLANG_WARN_BLOCK_CAPTURE_AUTORELEASING = YES;
				CLANG_WARN_BOOL_CONVERSION = YES;
				CLANG_WARN_COMMA = YES;
				CLANG_WARN_CONSTANT_CONVERSION = YES;
				CLANG_WARN_DIRECT_OBJC_ISA_USAGE = YES_ERROR;
				CLANG_WARN_DOCUMENTATION_COMMENTS = YES;
				CLANG_WARN_EMPTY_BODY = YES;
				CLANG_WARN_ENUM_CONVERSION = YES;
				CLANG_WARN_INFINITE_RECURSION = YES;
				CLANG_WARN_INT_CONVERSION = YES;
				CLANG_WARN_NON_LITERAL_NULL_CONVERSION = YES;
				CLANG_WARN_OBJC_LITERAL_CONVERSION = YES;
				CLANG_WARN_OBJC_ROOT_CLASS = YES_ERROR;
				CLANG_WARN_RANGE_LOOP_ANALYSIS = YES;
				CLANG_WARN_STRICT_PROTOTYPES = YES;
				CLANG_WARN_SUSPICIOUS_MOVE = YES;
				CLANG_WARN_UNREACHABLE_CODE = YES;
				CLANG_WARN__DUPLICATE_METHOD_MATCH = YES;
				"CODE_SIGN_IDENTITY[sdk=iphoneos*]" = "iPhone Developer";
				COPY_PHASE_STRIP = NO;
				DEBUG_INFORMATION_FORMAT = "dwarf-with-dsym";
				ENABLE_NS_ASSERTIONS = NO;
				ENABLE_STRICT_OBJC_MSGSEND = YES;
				GCC_C_LANGUAGE_STANDARD = gnu99;
				GCC_NO_COMMON_BLOCKS = YES;
				GCC_WARN_64_TO_32_BIT_CONVERSION = YES;
				GCC_WARN_ABOUT_RETURN_TYPE = YES_ERROR;
				GCC_WARN_UNDECLARED_SELECTOR = YES;
				GCC_WARN_UNINITIALIZED_AUTOS = YES_AGGRESSIVE;
				GCC_WARN_UNUSED_FUNCTION = YES;
				GCC_WARN_UNUSED_VARIABLE = YES;
				IPHONEOS_DEPLOYMENT_TARGET = 10.0;
				MTL_ENABLE_DEBUG_INFO = NO;
				SDKROOT = iphoneos;
				SWIFT_OPTIMIZATION_LEVEL = "-Owholemodule";
				TARGETED_DEVICE_FAMILY = "1,2";
				VALIDATE_PRODUCT = YES;
			};
			name = Release;
		};
		D1A1FD3F1ED3C90400C8BF4E /* Debug */ = {
			isa = XCBuildConfiguration;
			baseConfigurationReference = D9BA6E562DB4F8128D06994B /* Pods-Linq.debug.xcconfig */;
			buildSettings = {
				ALWAYS_EMBED_SWIFT_STANDARD_LIBRARIES = YES;
				ASSETCATALOG_COMPILER_APPICON_NAME = AppIcon;
				CODE_SIGN_ENTITLEMENTS = Linq/Linq.entitlements;
				"CODE_SIGN_IDENTITY[sdk=iphoneos*]" = "iPhone Developer";
				DEVELOPMENT_TEAM = 8MG83XTPNG;
				INFOPLIST_FILE = Linq/Info.plist;
				IPHONEOS_DEPLOYMENT_TARGET = 10.0;
				LD_RUNPATH_SEARCH_PATHS = "$(inherited) @executable_path/Frameworks";
				PRODUCT_BUNDLE_IDENTIFIER = com.QuintonAskew.Jugg;
				PRODUCT_NAME = "$(TARGET_NAME)";
				PROVISIONING_PROFILE = "";
				PROVISIONING_PROFILE_SPECIFIER = "";
				SWIFT_OBJC_BRIDGING_HEADER = "Linq/Linq-Bridging-Header.h";
				SWIFT_VERSION = 3.0;
				TARGETED_DEVICE_FAMILY = "1,2";
			};
			name = Debug;
		};
		D1A1FD401ED3C90400C8BF4E /* Release */ = {
			isa = XCBuildConfiguration;
			baseConfigurationReference = B179201C0DF2E50140BAA556 /* Pods-Linq.release.xcconfig */;
			buildSettings = {
				ALWAYS_EMBED_SWIFT_STANDARD_LIBRARIES = YES;
				ASSETCATALOG_COMPILER_APPICON_NAME = AppIcon;
				CODE_SIGN_ENTITLEMENTS = Linq/Linq.entitlements;
				"CODE_SIGN_IDENTITY[sdk=iphoneos*]" = "iPhone Developer";
				DEVELOPMENT_TEAM = 8MG83XTPNG;
				INFOPLIST_FILE = Linq/Info.plist;
				IPHONEOS_DEPLOYMENT_TARGET = 10.0;
				LD_RUNPATH_SEARCH_PATHS = "$(inherited) @executable_path/Frameworks";
				PRODUCT_BUNDLE_IDENTIFIER = com.QuintonAskew.Jugg;
				PRODUCT_NAME = "$(TARGET_NAME)";
				PROVISIONING_PROFILE = "";
				PROVISIONING_PROFILE_SPECIFIER = "";
				SWIFT_OBJC_BRIDGING_HEADER = "Linq/Linq-Bridging-Header.h";
				SWIFT_VERSION = 3.0;
				TARGETED_DEVICE_FAMILY = "1,2";
			};
			name = Release;
		};
		D1A1FD421ED3C90400C8BF4E /* Debug */ = {
			isa = XCBuildConfiguration;
			baseConfigurationReference = 9A7CFE521B197CD178A6CBD8 /* Pods-LinqTests.debug.xcconfig */;
			buildSettings = {
				ALWAYS_EMBED_SWIFT_STANDARD_LIBRARIES = YES;
				BUNDLE_LOADER = "$(TEST_HOST)";
				DEVELOPMENT_TEAM = XJG2CX6SLB;
				INFOPLIST_FILE = LinqTests/Info.plist;
				LD_RUNPATH_SEARCH_PATHS = "$(inherited) @executable_path/Frameworks @loader_path/Frameworks";
				PRODUCT_BUNDLE_IDENTIFIER = QuintonAskew.LinqTests;
				PRODUCT_NAME = "$(TARGET_NAME)";
				SWIFT_VERSION = 3.0;
				TEST_HOST = "$(BUILT_PRODUCTS_DIR)/Linq.app/Linq";
			};
			name = Debug;
		};
		D1A1FD431ED3C90400C8BF4E /* Release */ = {
			isa = XCBuildConfiguration;
			baseConfigurationReference = 25C4DAD3AA65FAE4A7C9F089 /* Pods-LinqTests.release.xcconfig */;
			buildSettings = {
				ALWAYS_EMBED_SWIFT_STANDARD_LIBRARIES = YES;
				BUNDLE_LOADER = "$(TEST_HOST)";
				DEVELOPMENT_TEAM = XJG2CX6SLB;
				INFOPLIST_FILE = LinqTests/Info.plist;
				LD_RUNPATH_SEARCH_PATHS = "$(inherited) @executable_path/Frameworks @loader_path/Frameworks";
				PRODUCT_BUNDLE_IDENTIFIER = QuintonAskew.LinqTests;
				PRODUCT_NAME = "$(TARGET_NAME)";
				SWIFT_VERSION = 3.0;
				TEST_HOST = "$(BUILT_PRODUCTS_DIR)/Linq.app/Linq";
			};
			name = Release;
		};
		D1A1FD451ED3C90400C8BF4E /* Debug */ = {
			isa = XCBuildConfiguration;
			baseConfigurationReference = 8A60E25F1E62E7C2B1CE1773 /* Pods-LinqUITests.debug.xcconfig */;
			buildSettings = {
				ALWAYS_EMBED_SWIFT_STANDARD_LIBRARIES = YES;
				DEVELOPMENT_TEAM = XJG2CX6SLB;
				INFOPLIST_FILE = LinqUITests/Info.plist;
				LD_RUNPATH_SEARCH_PATHS = "$(inherited) @executable_path/Frameworks @loader_path/Frameworks";
				PRODUCT_BUNDLE_IDENTIFIER = QuintonAskew.LinqUITests;
				PRODUCT_NAME = "$(TARGET_NAME)";
				SWIFT_VERSION = 3.0;
				TEST_TARGET_NAME = Linq;
			};
			name = Debug;
		};
		D1A1FD461ED3C90400C8BF4E /* Release */ = {
			isa = XCBuildConfiguration;
			baseConfigurationReference = 9ECDA62A76FD09561D748350 /* Pods-LinqUITests.release.xcconfig */;
			buildSettings = {
				ALWAYS_EMBED_SWIFT_STANDARD_LIBRARIES = YES;
				DEVELOPMENT_TEAM = XJG2CX6SLB;
				INFOPLIST_FILE = LinqUITests/Info.plist;
				LD_RUNPATH_SEARCH_PATHS = "$(inherited) @executable_path/Frameworks @loader_path/Frameworks";
				PRODUCT_BUNDLE_IDENTIFIER = QuintonAskew.LinqUITests;
				PRODUCT_NAME = "$(TARGET_NAME)";
				SWIFT_VERSION = 3.0;
				TEST_TARGET_NAME = Linq;
			};
			name = Release;
		};
/* End XCBuildConfiguration section */

/* Begin XCConfigurationList section */
		D1A1FD0F1ED3C90300C8BF4E /* Build configuration list for PBXProject "Linq" */ = {
			isa = XCConfigurationList;
			buildConfigurations = (
				D1A1FD3C1ED3C90400C8BF4E /* Debug */,
				D1A1FD3D1ED3C90400C8BF4E /* Release */,
			);
			defaultConfigurationIsVisible = 0;
			defaultConfigurationName = Release;
		};
		D1A1FD3E1ED3C90400C8BF4E /* Build configuration list for PBXNativeTarget "Linq" */ = {
			isa = XCConfigurationList;
			buildConfigurations = (
				D1A1FD3F1ED3C90400C8BF4E /* Debug */,
				D1A1FD401ED3C90400C8BF4E /* Release */,
			);
			defaultConfigurationIsVisible = 0;
			defaultConfigurationName = Release;
		};
		D1A1FD411ED3C90400C8BF4E /* Build configuration list for PBXNativeTarget "LinqTests" */ = {
			isa = XCConfigurationList;
			buildConfigurations = (
				D1A1FD421ED3C90400C8BF4E /* Debug */,
				D1A1FD431ED3C90400C8BF4E /* Release */,
			);
			defaultConfigurationIsVisible = 0;
			defaultConfigurationName = Release;
		};
		D1A1FD441ED3C90400C8BF4E /* Build configuration list for PBXNativeTarget "LinqUITests" */ = {
			isa = XCConfigurationList;
			buildConfigurations = (
				D1A1FD451ED3C90400C8BF4E /* Debug */,
				D1A1FD461ED3C90400C8BF4E /* Release */,
			);
			defaultConfigurationIsVisible = 0;
			defaultConfigurationName = Release;
		};
/* End XCConfigurationList section */
	};
	rootObject = D1A1FD0C1ED3C90300C8BF4E /* Project object */;
}
